// !$*UTF8*$!
{
	archiveVersion = 1;
	classes = {
	};
	objectVersion = 56;
	objects = {

/* Begin PBXBuildFile section */
		630C0B4A29D8A75C001424CA /* WeatherData.swift in Sources */ = {isa = PBXBuildFile; fileRef = 630C0B4929D8A75C001424CA /* WeatherData.swift */; };
		630FEA8C28FF147600D483B2 /* Constants.swift in Sources */ = {isa = PBXBuildFile; fileRef = 630FEA8B28FF147600D483B2 /* Constants.swift */; };
		630FEA8E28FF159400D483B2 /* MapView.swift in Sources */ = {isa = PBXBuildFile; fileRef = 630FEA8D28FF159400D483B2 /* MapView.swift */; };
		63221B1C28DA295A003EC2D5 /* SpeakerDetailViewModel.swift in Sources */ = {isa = PBXBuildFile; fileRef = 63221B1B28DA295A003EC2D5 /* SpeakerDetailViewModel.swift */; };
		63221B1F28DADB1E003EC2D5 /* Session.swift in Sources */ = {isa = PBXBuildFile; fileRef = 63221B1E28DADB1E003EC2D5 /* Session.swift */; };
		633604E829167F7A0032955B /* DataController.swift in Sources */ = {isa = PBXBuildFile; fileRef = 633604E729167F7A0032955B /* DataController.swift */; };
		6336403529B6188500D6860A /* Kingfisher in Frameworks */ = {isa = PBXBuildFile; productRef = 6336403429B6188500D6860A /* Kingfisher */; };
		634452472A378CAC00DE3927 /* Factory in Frameworks */ = {isa = PBXBuildFile; productRef = 634452462A378CAC00DE3927 /* Factory */; };
		63497D5128E6084300C7613B /* Date + Extensions.swift in Sources */ = {isa = PBXBuildFile; fileRef = 63497D5028E6084300C7613B /* Date + Extensions.swift */; };
		634E7AB828DB7B5C001DC796 /* Sponsor.swift in Sources */ = {isa = PBXBuildFile; fileRef = 634E7AB728DB7B5C001DC796 /* Sponsor.swift */; };
		634E7ABC28DB806F001DC796 /* AllSessionsView.swift in Sources */ = {isa = PBXBuildFile; fileRef = 634E7ABB28DB806F001DC796 /* AllSessionsView.swift */; };
		634E7AC128DB8166001DC796 /* SessionCardView.swift in Sources */ = {isa = PBXBuildFile; fileRef = 634E7AC028DB8166001DC796 /* SessionCardView.swift */; };
		6360A8B72972BA5D00908280 /* FirebaseAuth in Frameworks */ = {isa = PBXBuildFile; productRef = 6360A8B62972BA5D00908280 /* FirebaseAuth */; };
		6366D5CA28D0B6720051542E /* AppInformationView.swift in Sources */ = {isa = PBXBuildFile; fileRef = 6366D5C928D0B6720051542E /* AppInformationView.swift */; };
		6366D5CC28D0B7120051542E /* Bundle+Extensions.swift in Sources */ = {isa = PBXBuildFile; fileRef = 6366D5CB28D0B7120051542E /* Bundle+Extensions.swift */; };
		6366D5CF28D0BA180051542E /* AboutView.swift in Sources */ = {isa = PBXBuildFile; fileRef = 6366D5CE28D0BA180051542E /* AboutView.swift */; };
		6367516D29B48160003B8B5A /* AdminSponsorViewModel.swift in Sources */ = {isa = PBXBuildFile; fileRef = 6367516C29B48160003B8B5A /* AdminSponsorViewModel.swift */; };
		6367516F29B4EB5B003B8B5A /* AdminLocationViewModel.swift in Sources */ = {isa = PBXBuildFile; fileRef = 6367516E29B4EB5B003B8B5A /* AdminLocationViewModel.swift */; };
		638402A62972F1D100DE8D59 /* LoginViewModel.swift in Sources */ = {isa = PBXBuildFile; fileRef = 638402A52972F1D100DE8D59 /* LoginViewModel.swift */; };
		639BEAF929099E8D009C3870 /* AdminViewModel.swift in Sources */ = {isa = PBXBuildFile; fileRef = 639BEAF829099E8D009C3870 /* AdminViewModel.swift */; };
		63A6A770290AED4C00940170 /* SponsorsView.swift in Sources */ = {isa = PBXBuildFile; fileRef = 63A6A76F290AED4C00940170 /* SponsorsView.swift */; };
		63A6A772290AF08300940170 /* SponsorRow.swift in Sources */ = {isa = PBXBuildFile; fileRef = 63A6A771290AF08300940170 /* SponsorRow.swift */; };
		63A8509B29917C1D0000AB15 /* FirebaseFileManager.swift in Sources */ = {isa = PBXBuildFile; fileRef = 63A8509A29917C1D0000AB15 /* FirebaseFileManager.swift */; };
		63A8509D29917D7C0000AB15 /* Reachability.swift in Sources */ = {isa = PBXBuildFile; fileRef = 63A8509C29917D7C0000AB15 /* Reachability.swift */; };
		63A986A629D039710008DE95 /* WeatherViewModel.swift in Sources */ = {isa = PBXBuildFile; fileRef = 63A986A529D039710008DE95 /* WeatherViewModel.swift */; };
		63A986A929D047260008DE95 /* WeatherView.swift in Sources */ = {isa = PBXBuildFile; fileRef = 63A986A829D047260008DE95 /* WeatherView.swift */; };
		63A986AB29D04D540008DE95 /* Double + Extensions.swift in Sources */ = {isa = PBXBuildFile; fileRef = 63A986AA29D04D540008DE95 /* Double + Extensions.swift */; };
		63B80EDD28F01EC400445E63 /* SessionCardViewModel.swift in Sources */ = {isa = PBXBuildFile; fileRef = 63B80EDC28F01EC400445E63 /* SessionCardViewModel.swift */; };
		63B80EE128F075D400445E63 /* SessionRowView.swift in Sources */ = {isa = PBXBuildFile; fileRef = 63B80EE028F075D400445E63 /* SessionRowView.swift */; };
		63B80EE328F0760A00445E63 /* SessionRowViewModel.swift in Sources */ = {isa = PBXBuildFile; fileRef = 63B80EE228F0760A00445E63 /* SessionRowViewModel.swift */; };
		63BC3A2529CF1C5F0018286E /* LocationsListView.swift in Sources */ = {isa = PBXBuildFile; fileRef = 63BC3A2429CF1C5F0018286E /* LocationsListView.swift */; };
		63BC3A2829CF251F0018286E /* LocationService.swift in Sources */ = {isa = PBXBuildFile; fileRef = 63BC3A2729CF251F0018286E /* LocationService.swift */; };
		63C79DA429B5032E004319C1 /* EmptySessionView.swift in Sources */ = {isa = PBXBuildFile; fileRef = 63C79DA329B5032E004319C1 /* EmptySessionView.swift */; };
		63C79DA629B50C0D004319C1 /* AdminSessionViewModel.swift in Sources */ = {isa = PBXBuildFile; fileRef = 63C79DA529B50C0D004319C1 /* AdminSessionViewModel.swift */; };
		63D1D7F129D9B327001A4066 /* MappingUtils.swift in Sources */ = {isa = PBXBuildFile; fileRef = 63D1D7F029D9B327001A4066 /* MappingUtils.swift */; };
		63D1D7F329D9E3A9001A4066 /* HourlyWeatherView.swift in Sources */ = {isa = PBXBuildFile; fileRef = 63D1D7F229D9E3A9001A4066 /* HourlyWeatherView.swift */; };
		63D2070629F2FEF70031A9A1 /* SelectSpeakerView.swift in Sources */ = {isa = PBXBuildFile; fileRef = 63D2070529F2FEF70031A9A1 /* SelectSpeakerView.swift */; };
		63D602DE290E9B8E00BC01B9 /* LocationMapAnnotation.swift in Sources */ = {isa = PBXBuildFile; fileRef = 63D602DD290E9B8E00BC01B9 /* LocationMapAnnotation.swift */; };
		63D660372974021300EAAFEB /* AdminSpeakerViewModel.swift in Sources */ = {isa = PBXBuildFile; fileRef = 63D660362974021300EAAFEB /* AdminSpeakerViewModel.swift */; };
		63D989652901B04B0018FDD6 /* AdminView.swift in Sources */ = {isa = PBXBuildFile; fileRef = 63D989642901B04B0018FDD6 /* AdminView.swift */; };
		63D989682901B06B0018FDD6 /* AddSession.swift in Sources */ = {isa = PBXBuildFile; fileRef = 63D989672901B06B0018FDD6 /* AddSession.swift */; };
		63D9896A2901B0730018FDD6 /* AddSpeakerView.swift in Sources */ = {isa = PBXBuildFile; fileRef = 63D989692901B0730018FDD6 /* AddSpeakerView.swift */; };
		63D9896C2901B0810018FDD6 /* AddLocation.swift in Sources */ = {isa = PBXBuildFile; fileRef = 63D9896B2901B0810018FDD6 /* AddLocation.swift */; };
		63D9896E2901B08A0018FDD6 /* AddSponsorView.swift in Sources */ = {isa = PBXBuildFile; fileRef = 63D9896D2901B08A0018FDD6 /* AddSponsorView.swift */; };
		63D989722901B1420018FDD6 /* AdminSessions.swift in Sources */ = {isa = PBXBuildFile; fileRef = 63D989712901B1420018FDD6 /* AdminSessions.swift */; };
		63D989742901B14C0018FDD6 /* AdminSpeakers.swift in Sources */ = {isa = PBXBuildFile; fileRef = 63D989732901B14C0018FDD6 /* AdminSpeakers.swift */; };
		63D989782901B19F0018FDD6 /* AdminLocations.swift in Sources */ = {isa = PBXBuildFile; fileRef = 63D989772901B19F0018FDD6 /* AdminLocations.swift */; };
		63D9897A2901B1A90018FDD6 /* AdminSponsors.swift in Sources */ = {isa = PBXBuildFile; fileRef = 63D989792901B1A90018FDD6 /* AdminSponsors.swift */; };
		63E2956429DC953D007F465D /* GoogleService-Info.plist in Resources */ = {isa = PBXBuildFile; fileRef = 63E2956329DC953D007F465D /* GoogleService-Info.plist */; };
		63E394E42971DCCB0035C1E0 /* LoginView.swift in Sources */ = {isa = PBXBuildFile; fileRef = 63E394E32971DCCB0035C1E0 /* LoginView.swift */; };
		63E394E82972B1ED0035C1E0 /* FirebaseAuthenticationService.swift in Sources */ = {isa = PBXBuildFile; fileRef = 63E394E72972B1ED0035C1E0 /* FirebaseAuthenticationService.swift */; };
		63E8E85F290E541C002419A7 /* AllSessionsViewModel.swift in Sources */ = {isa = PBXBuildFile; fileRef = 63E8E85E290E541C002419A7 /* AllSessionsViewModel.swift */; };
		63E8E861290E5898002419A7 /* String + Extensions.swift in Sources */ = {isa = PBXBuildFile; fileRef = 63E8E860290E5898002419A7 /* String + Extensions.swift */; };
		63E949592916DEB500D6B9B1 /* SessionRowForLocalSession.swift in Sources */ = {isa = PBXBuildFile; fileRef = 63E949582916DEB500D6B9B1 /* SessionRowForLocalSession.swift */; };
		63E9C55228EAE6FF00710C8F /* SessionDetailView.swift in Sources */ = {isa = PBXBuildFile; fileRef = 63E9C55128EAE6FF00710C8F /* SessionDetailView.swift */; };
		63E9C55528EAE73000710C8F /* SessionDetailViewModel.swift in Sources */ = {isa = PBXBuildFile; fileRef = 63E9C55428EAE73000710C8F /* SessionDetailViewModel.swift */; };
		63E9C55728EF3FB400710C8F /* DummyData.swift in Sources */ = {isa = PBXBuildFile; fileRef = 63E9C55628EF3FB400710C8F /* DummyData.swift */; };
		63E9C55928EF419A00710C8F /* InformationItem.swift in Sources */ = {isa = PBXBuildFile; fileRef = 63E9C55828EF419A00710C8F /* InformationItem.swift */; };
		63EBF13E29CF431800A4AE6B /* MapViewModel.swift in Sources */ = {isa = PBXBuildFile; fileRef = 63EBF13D29CF431800A4AE6B /* MapViewModel.swift */; };
		63F7E0BA28CC942100B2E1B7 /* iOSDevUKApp.swift in Sources */ = {isa = PBXBuildFile; fileRef = 63F7E0B928CC942100B2E1B7 /* iOSDevUKApp.swift */; };
		63F7E0BE28CC942200B2E1B7 /* Assets.xcassets in Resources */ = {isa = PBXBuildFile; fileRef = 63F7E0BD28CC942200B2E1B7 /* Assets.xcassets */; };
		63F7E0C128CC942200B2E1B7 /* Preview Assets.xcassets in Resources */ = {isa = PBXBuildFile; fileRef = 63F7E0C028CC942200B2E1B7 /* Preview Assets.xcassets */; };
		63F7E0C628CC942200B2E1B7 /* iOSDevUK.xcdatamodeld in Sources */ = {isa = PBXBuildFile; fileRef = 63F7E0C428CC942200B2E1B7 /* iOSDevUK.xcdatamodeld */; };
		63F7E0EA28CC94FF00B2E1B7 /* TabBarView.swift in Sources */ = {isa = PBXBuildFile; fileRef = 63F7E0E928CC94FF00B2E1B7 /* TabBarView.swift */; };
		63F7E0EC28CC980A00B2E1B7 /* HomeView.swift in Sources */ = {isa = PBXBuildFile; fileRef = 63F7E0EB28CC980A00B2E1B7 /* HomeView.swift */; };
		63F7E0EE28CC981500B2E1B7 /* MyScheduleView.swift in Sources */ = {isa = PBXBuildFile; fileRef = 63F7E0ED28CC981500B2E1B7 /* MyScheduleView.swift */; };
		63F7E0F028CC982200B2E1B7 /* AttendeeView.swift in Sources */ = {isa = PBXBuildFile; fileRef = 63F7E0EF28CC982200B2E1B7 /* AttendeeView.swift */; };
		63F7E0F228CC982900B2E1B7 /* InfoView.swift in Sources */ = {isa = PBXBuildFile; fileRef = 63F7E0F128CC982900B2E1B7 /* InfoView.swift */; };
		63F7E0F928CC998000B2E1B7 /* BaseViewModel.swift in Sources */ = {isa = PBXBuildFile; fileRef = 63F7E0F828CC998000B2E1B7 /* BaseViewModel.swift */; };
		63F7E0FB28CC999000B2E1B7 /* MyScheduleViewModel.swift in Sources */ = {isa = PBXBuildFile; fileRef = 63F7E0FA28CC999000B2E1B7 /* MyScheduleViewModel.swift */; };
		63F7E10428CC9D9500B2E1B7 /* Speaker.swift in Sources */ = {isa = PBXBuildFile; fileRef = 63F7E10328CC9D9500B2E1B7 /* Speaker.swift */; };
		63F7E10728CC9E7300B2E1B7 /* RemoteImage.swift in Sources */ = {isa = PBXBuildFile; fileRef = 63F7E10628CC9E7300B2E1B7 /* RemoteImage.swift */; };
		63F7E10B28CC9F6C00B2E1B7 /* FCollectionReference.swift in Sources */ = {isa = PBXBuildFile; fileRef = 63F7E10A28CC9F6C00B2E1B7 /* FCollectionReference.swift */; };
		63F7E11728CCF50A00B2E1B7 /* AllSpeakersView.swift in Sources */ = {isa = PBXBuildFile; fileRef = 63F7E11628CCF50A00B2E1B7 /* AllSpeakersView.swift */; };
		63F7E11C28CCF6B200B2E1B7 /* SpeakerCardView.swift in Sources */ = {isa = PBXBuildFile; fileRef = 63F7E11B28CCF6B200B2E1B7 /* SpeakerCardView.swift */; };
		63F7E11E28CCFC0C00B2E1B7 /* SpeakerDetailView.swift in Sources */ = {isa = PBXBuildFile; fileRef = 63F7E11D28CCFC0C00B2E1B7 /* SpeakerDetailView.swift */; };
		63F7E12028CD022E00B2E1B7 /* Location.swift in Sources */ = {isa = PBXBuildFile; fileRef = 63F7E11F28CD022E00B2E1B7 /* Location.swift */; };
		63F7E12C28CDB61F00B2E1B7 /* Networking.swift in Sources */ = {isa = PBXBuildFile; fileRef = 63F7E12B28CDB61F00B2E1B7 /* Networking.swift */; };
		63F7E12E28CE527700B2E1B7 /* InclusivityView.swift in Sources */ = {isa = PBXBuildFile; fileRef = 63F7E12D28CE527700B2E1B7 /* InclusivityView.swift */; };
		EF0DADC02930A535000B74E7 /* EventInformation.swift in Sources */ = {isa = PBXBuildFile; fileRef = EF0DADBF2930A535000B74E7 /* EventInformation.swift */; };
		EF1782572941EC0200EFFB2D /* FirebaseDatabase in Frameworks */ = {isa = PBXBuildFile; productRef = EF1782562941EC0200EFFB2D /* FirebaseDatabase */; };
		EF1782592941EC0200EFFB2D /* FirebaseDatabaseSwift in Frameworks */ = {isa = PBXBuildFile; productRef = EF1782582941EC0200EFFB2D /* FirebaseDatabaseSwift */; };
		EF17825B2941EC0200EFFB2D /* FirebaseFirestoreSwift in Frameworks */ = {isa = PBXBuildFile; productRef = EF17825A2941EC0200EFFB2D /* FirebaseFirestoreSwift */; };
		EF17825D2941EC0200EFFB2D /* FirebaseStorage in Frameworks */ = {isa = PBXBuildFile; productRef = EF17825C2941EC0200EFFB2D /* FirebaseStorage */; };
		EF1782832941F2D800EFFB2D /* SpeakerDetailViewModelTests.swift in Sources */ = {isa = PBXBuildFile; fileRef = EF1782822941F2D800EFFB2D /* SpeakerDetailViewModelTests.swift */; };
		EF17828B2941F3C300EFFB2D /* FirebaseDatabase in Frameworks */ = {isa = PBXBuildFile; productRef = EF17828A2941F3C300EFFB2D /* FirebaseDatabase */; };
		EF17828D2941F3C300EFFB2D /* FirebaseDatabaseSwift in Frameworks */ = {isa = PBXBuildFile; productRef = EF17828C2941F3C300EFFB2D /* FirebaseDatabaseSwift */; };
		EF17828F2941F3C300EFFB2D /* FirebaseFirestore in Frameworks */ = {isa = PBXBuildFile; productRef = EF17828E2941F3C300EFFB2D /* FirebaseFirestore */; };
		EF1782912941F3C300EFFB2D /* FirebaseFirestoreSwift in Frameworks */ = {isa = PBXBuildFile; productRef = EF1782902941F3C300EFFB2D /* FirebaseFirestoreSwift */; };
		EF1782932941F3C300EFFB2D /* FirebaseStorage in Frameworks */ = {isa = PBXBuildFile; productRef = EF1782922941F3C300EFFB2D /* FirebaseStorage */; };
		EF1782952941F58400EFFB2D /* FactorySetup.swift in Sources */ = {isa = PBXBuildFile; fileRef = EF1782942941F58400EFFB2D /* FactorySetup.swift */; };
		EF178297294207D900EFFB2D /* AllSessionsViewModelTest.swift in Sources */ = {isa = PBXBuildFile; fileRef = EF178296294207D900EFFB2D /* AllSessionsViewModelTest.swift */; };
		EF3470992944F18700B24854 /* SessionRowViewModelTest.swift in Sources */ = {isa = PBXBuildFile; fileRef = EF3470982944F18700B24854 /* SessionRowViewModelTest.swift */; };
		EF34709C2945C73F00B24854 /* SessionDetailViewModelTest.swift in Sources */ = {isa = PBXBuildFile; fileRef = EF34709B2945C73F00B24854 /* SessionDetailViewModelTest.swift */; };
		EF8AC50F2932389300E19859 /* ServiceDependencies.swift in Sources */ = {isa = PBXBuildFile; fileRef = EF8AC50E2932389300E19859 /* ServiceDependencies.swift */; };
		EF8AC511293350FA00E19859 /* AppErrors.swift in Sources */ = {isa = PBXBuildFile; fileRef = EF8AC510293350FA00E19859 /* AppErrors.swift */; };
		EF999124292A1DD900B4DB8B /* NavigationRouter.swift in Sources */ = {isa = PBXBuildFile; fileRef = EF999123292A1DD900B4DB8B /* NavigationRouter.swift */; };
		EF99912B292A8C9F00B4DB8B /* SectionHeaderView.swift in Sources */ = {isa = PBXBuildFile; fileRef = EF99912A292A8C9F00B4DB8B /* SectionHeaderView.swift */; };
		EFDE6B56292CA8E100F0C61F /* FirebaseRepository.swift in Sources */ = {isa = PBXBuildFile; fileRef = EFDE6B55292CA8E100F0C61F /* FirebaseRepository.swift */; };
/* End PBXBuildFile section */

/* Begin PBXContainerItemProxy section */
		EF1782842941F2D800EFFB2D /* PBXContainerItemProxy */ = {
			isa = PBXContainerItemProxy;
			containerPortal = 63F7E0AE28CC942100B2E1B7 /* Project object */;
			proxyType = 1;
			remoteGlobalIDString = 63F7E0B528CC942100B2E1B7;
			remoteInfo = iOSDevUK;
		};
/* End PBXContainerItemProxy section */

/* Begin PBXFileReference section */
		630C0B4929D8A75C001424CA /* WeatherData.swift */ = {isa = PBXFileReference; lastKnownFileType = sourcecode.swift; path = WeatherData.swift; sourceTree = "<group>"; };
		630FEA8B28FF147600D483B2 /* Constants.swift */ = {isa = PBXFileReference; lastKnownFileType = sourcecode.swift; path = Constants.swift; sourceTree = "<group>"; };
		630FEA8D28FF159400D483B2 /* MapView.swift */ = {isa = PBXFileReference; lastKnownFileType = sourcecode.swift; path = MapView.swift; sourceTree = "<group>"; };
		63221B1B28DA295A003EC2D5 /* SpeakerDetailViewModel.swift */ = {isa = PBXFileReference; lastKnownFileType = sourcecode.swift; path = SpeakerDetailViewModel.swift; sourceTree = "<group>"; };
		63221B1E28DADB1E003EC2D5 /* Session.swift */ = {isa = PBXFileReference; lastKnownFileType = sourcecode.swift; path = Session.swift; sourceTree = "<group>"; };
		633604E729167F7A0032955B /* DataController.swift */ = {isa = PBXFileReference; fileEncoding = 4; lastKnownFileType = sourcecode.swift; path = DataController.swift; sourceTree = "<group>"; };
		63497D5028E6084300C7613B /* Date + Extensions.swift */ = {isa = PBXFileReference; lastKnownFileType = sourcecode.swift; path = "Date + Extensions.swift"; sourceTree = "<group>"; };
		634E7AB728DB7B5C001DC796 /* Sponsor.swift */ = {isa = PBXFileReference; lastKnownFileType = sourcecode.swift; path = Sponsor.swift; sourceTree = "<group>"; };
		634E7ABB28DB806F001DC796 /* AllSessionsView.swift */ = {isa = PBXFileReference; lastKnownFileType = sourcecode.swift; path = AllSessionsView.swift; sourceTree = "<group>"; };
		634E7AC028DB8166001DC796 /* SessionCardView.swift */ = {isa = PBXFileReference; lastKnownFileType = sourcecode.swift; path = SessionCardView.swift; sourceTree = "<group>"; };
		6366D5C928D0B6720051542E /* AppInformationView.swift */ = {isa = PBXFileReference; lastKnownFileType = sourcecode.swift; path = AppInformationView.swift; sourceTree = "<group>"; };
		6366D5CB28D0B7120051542E /* Bundle+Extensions.swift */ = {isa = PBXFileReference; lastKnownFileType = sourcecode.swift; path = "Bundle+Extensions.swift"; sourceTree = "<group>"; };
		6366D5CE28D0BA180051542E /* AboutView.swift */ = {isa = PBXFileReference; lastKnownFileType = sourcecode.swift; path = AboutView.swift; sourceTree = "<group>"; };
		6367516C29B48160003B8B5A /* AdminSponsorViewModel.swift */ = {isa = PBXFileReference; lastKnownFileType = sourcecode.swift; path = AdminSponsorViewModel.swift; sourceTree = "<group>"; };
		6367516E29B4EB5B003B8B5A /* AdminLocationViewModel.swift */ = {isa = PBXFileReference; lastKnownFileType = sourcecode.swift; path = AdminLocationViewModel.swift; sourceTree = "<group>"; };
		638402A52972F1D100DE8D59 /* LoginViewModel.swift */ = {isa = PBXFileReference; lastKnownFileType = sourcecode.swift; path = LoginViewModel.swift; sourceTree = "<group>"; };
		639BEAF829099E8D009C3870 /* AdminViewModel.swift */ = {isa = PBXFileReference; lastKnownFileType = sourcecode.swift; path = AdminViewModel.swift; sourceTree = "<group>"; };
		63A6A76F290AED4C00940170 /* SponsorsView.swift */ = {isa = PBXFileReference; lastKnownFileType = sourcecode.swift; path = SponsorsView.swift; sourceTree = "<group>"; };
		63A6A771290AF08300940170 /* SponsorRow.swift */ = {isa = PBXFileReference; lastKnownFileType = sourcecode.swift; path = SponsorRow.swift; sourceTree = "<group>"; };
		63A8509A29917C1D0000AB15 /* FirebaseFileManager.swift */ = {isa = PBXFileReference; lastKnownFileType = sourcecode.swift; path = FirebaseFileManager.swift; sourceTree = "<group>"; };
		63A8509C29917D7C0000AB15 /* Reachability.swift */ = {isa = PBXFileReference; lastKnownFileType = sourcecode.swift; path = Reachability.swift; sourceTree = "<group>"; };
		63A986A529D039710008DE95 /* WeatherViewModel.swift */ = {isa = PBXFileReference; lastKnownFileType = sourcecode.swift; path = WeatherViewModel.swift; sourceTree = "<group>"; };
		63A986A729D03B3C0008DE95 /* iOSDevUK.entitlements */ = {isa = PBXFileReference; lastKnownFileType = text.plist.entitlements; path = iOSDevUK.entitlements; sourceTree = "<group>"; };
		63A986A829D047260008DE95 /* WeatherView.swift */ = {isa = PBXFileReference; lastKnownFileType = sourcecode.swift; path = WeatherView.swift; sourceTree = "<group>"; };
		63A986AA29D04D540008DE95 /* Double + Extensions.swift */ = {isa = PBXFileReference; lastKnownFileType = sourcecode.swift; path = "Double + Extensions.swift"; sourceTree = "<group>"; };
		63B80EDC28F01EC400445E63 /* SessionCardViewModel.swift */ = {isa = PBXFileReference; lastKnownFileType = sourcecode.swift; path = SessionCardViewModel.swift; sourceTree = "<group>"; };
		63B80EE028F075D400445E63 /* SessionRowView.swift */ = {isa = PBXFileReference; lastKnownFileType = sourcecode.swift; path = SessionRowView.swift; sourceTree = "<group>"; };
		63B80EE228F0760A00445E63 /* SessionRowViewModel.swift */ = {isa = PBXFileReference; lastKnownFileType = sourcecode.swift; path = SessionRowViewModel.swift; sourceTree = "<group>"; };
		63BC3A2429CF1C5F0018286E /* LocationsListView.swift */ = {isa = PBXFileReference; lastKnownFileType = sourcecode.swift; path = LocationsListView.swift; sourceTree = "<group>"; };
		63BC3A2729CF251F0018286E /* LocationService.swift */ = {isa = PBXFileReference; lastKnownFileType = sourcecode.swift; path = LocationService.swift; sourceTree = "<group>"; };
		63C79DA329B5032E004319C1 /* EmptySessionView.swift */ = {isa = PBXFileReference; lastKnownFileType = sourcecode.swift; path = EmptySessionView.swift; sourceTree = "<group>"; };
		63C79DA529B50C0D004319C1 /* AdminSessionViewModel.swift */ = {isa = PBXFileReference; lastKnownFileType = sourcecode.swift; path = AdminSessionViewModel.swift; sourceTree = "<group>"; };
		63D1D7F029D9B327001A4066 /* MappingUtils.swift */ = {isa = PBXFileReference; lastKnownFileType = sourcecode.swift; path = MappingUtils.swift; sourceTree = "<group>"; };
		63D1D7F229D9E3A9001A4066 /* HourlyWeatherView.swift */ = {isa = PBXFileReference; lastKnownFileType = sourcecode.swift; path = HourlyWeatherView.swift; sourceTree = "<group>"; };
		63D2070529F2FEF70031A9A1 /* SelectSpeakerView.swift */ = {isa = PBXFileReference; lastKnownFileType = sourcecode.swift; path = SelectSpeakerView.swift; sourceTree = "<group>"; };
		63D602DD290E9B8E00BC01B9 /* LocationMapAnnotation.swift */ = {isa = PBXFileReference; lastKnownFileType = sourcecode.swift; path = LocationMapAnnotation.swift; sourceTree = "<group>"; };
		63D660362974021300EAAFEB /* AdminSpeakerViewModel.swift */ = {isa = PBXFileReference; lastKnownFileType = sourcecode.swift; path = AdminSpeakerViewModel.swift; sourceTree = "<group>"; };
		63D989642901B04B0018FDD6 /* AdminView.swift */ = {isa = PBXFileReference; lastKnownFileType = sourcecode.swift; path = AdminView.swift; sourceTree = "<group>"; };
		63D989672901B06B0018FDD6 /* AddSession.swift */ = {isa = PBXFileReference; lastKnownFileType = sourcecode.swift; path = AddSession.swift; sourceTree = "<group>"; };
		63D989692901B0730018FDD6 /* AddSpeakerView.swift */ = {isa = PBXFileReference; lastKnownFileType = sourcecode.swift; path = AddSpeakerView.swift; sourceTree = "<group>"; };
		63D9896B2901B0810018FDD6 /* AddLocation.swift */ = {isa = PBXFileReference; lastKnownFileType = sourcecode.swift; path = AddLocation.swift; sourceTree = "<group>"; };
		63D9896D2901B08A0018FDD6 /* AddSponsorView.swift */ = {isa = PBXFileReference; lastKnownFileType = sourcecode.swift; path = AddSponsorView.swift; sourceTree = "<group>"; };
		63D989712901B1420018FDD6 /* AdminSessions.swift */ = {isa = PBXFileReference; lastKnownFileType = sourcecode.swift; path = AdminSessions.swift; sourceTree = "<group>"; };
		63D989732901B14C0018FDD6 /* AdminSpeakers.swift */ = {isa = PBXFileReference; lastKnownFileType = sourcecode.swift; path = AdminSpeakers.swift; sourceTree = "<group>"; };
		63D989772901B19F0018FDD6 /* AdminLocations.swift */ = {isa = PBXFileReference; lastKnownFileType = sourcecode.swift; path = AdminLocations.swift; sourceTree = "<group>"; };
		63D989792901B1A90018FDD6 /* AdminSponsors.swift */ = {isa = PBXFileReference; lastKnownFileType = sourcecode.swift; path = AdminSponsors.swift; sourceTree = "<group>"; };
		63E2956329DC953D007F465D /* GoogleService-Info.plist */ = {isa = PBXFileReference; fileEncoding = 4; lastKnownFileType = text.plist.xml; path = "GoogleService-Info.plist"; sourceTree = "<group>"; };
		63E394E32971DCCB0035C1E0 /* LoginView.swift */ = {isa = PBXFileReference; lastKnownFileType = sourcecode.swift; path = LoginView.swift; sourceTree = "<group>"; };
		63E394E72972B1ED0035C1E0 /* FirebaseAuthenticationService.swift */ = {isa = PBXFileReference; lastKnownFileType = sourcecode.swift; path = FirebaseAuthenticationService.swift; sourceTree = "<group>"; };
		63E8E85E290E541C002419A7 /* AllSessionsViewModel.swift */ = {isa = PBXFileReference; lastKnownFileType = sourcecode.swift; path = AllSessionsViewModel.swift; sourceTree = "<group>"; };
		63E8E860290E5898002419A7 /* String + Extensions.swift */ = {isa = PBXFileReference; lastKnownFileType = sourcecode.swift; path = "String + Extensions.swift"; sourceTree = "<group>"; };
		63E949582916DEB500D6B9B1 /* SessionRowForLocalSession.swift */ = {isa = PBXFileReference; lastKnownFileType = sourcecode.swift; path = SessionRowForLocalSession.swift; sourceTree = "<group>"; };
		63E9C55128EAE6FF00710C8F /* SessionDetailView.swift */ = {isa = PBXFileReference; lastKnownFileType = sourcecode.swift; path = SessionDetailView.swift; sourceTree = "<group>"; };
		63E9C55428EAE73000710C8F /* SessionDetailViewModel.swift */ = {isa = PBXFileReference; lastKnownFileType = sourcecode.swift; path = SessionDetailViewModel.swift; sourceTree = "<group>"; };
		63E9C55628EF3FB400710C8F /* DummyData.swift */ = {isa = PBXFileReference; lastKnownFileType = sourcecode.swift; path = DummyData.swift; sourceTree = "<group>"; };
		63E9C55828EF419A00710C8F /* InformationItem.swift */ = {isa = PBXFileReference; lastKnownFileType = sourcecode.swift; path = InformationItem.swift; sourceTree = "<group>"; };
		63EBF13D29CF431800A4AE6B /* MapViewModel.swift */ = {isa = PBXFileReference; lastKnownFileType = sourcecode.swift; path = MapViewModel.swift; sourceTree = "<group>"; };
		63F7E0B928CC942100B2E1B7 /* iOSDevUKApp.swift */ = {isa = PBXFileReference; lastKnownFileType = sourcecode.swift; path = iOSDevUKApp.swift; sourceTree = "<group>"; };
		63F7E0BD28CC942200B2E1B7 /* Assets.xcassets */ = {isa = PBXFileReference; lastKnownFileType = folder.assetcatalog; path = Assets.xcassets; sourceTree = "<group>"; };
		63F7E0C028CC942200B2E1B7 /* Preview Assets.xcassets */ = {isa = PBXFileReference; lastKnownFileType = folder.assetcatalog; path = "Preview Assets.xcassets"; sourceTree = "<group>"; };
		63F7E0C528CC942200B2E1B7 /* iOSDevUK.xcdatamodel */ = {isa = PBXFileReference; lastKnownFileType = wrapper.xcdatamodel; path = iOSDevUK.xcdatamodel; sourceTree = "<group>"; };
		63F7E0C728CC942200B2E1B7 /* Info.plist */ = {isa = PBXFileReference; lastKnownFileType = text.plist.xml; path = Info.plist; sourceTree = "<group>"; };
		63F7E0E928CC94FF00B2E1B7 /* TabBarView.swift */ = {isa = PBXFileReference; lastKnownFileType = sourcecode.swift; path = TabBarView.swift; sourceTree = "<group>"; };
		63F7E0EB28CC980A00B2E1B7 /* HomeView.swift */ = {isa = PBXFileReference; lastKnownFileType = sourcecode.swift; path = HomeView.swift; sourceTree = "<group>"; };
		63F7E0ED28CC981500B2E1B7 /* MyScheduleView.swift */ = {isa = PBXFileReference; lastKnownFileType = sourcecode.swift; path = MyScheduleView.swift; sourceTree = "<group>"; };
		63F7E0EF28CC982200B2E1B7 /* AttendeeView.swift */ = {isa = PBXFileReference; lastKnownFileType = sourcecode.swift; path = AttendeeView.swift; sourceTree = "<group>"; };
		63F7E0F128CC982900B2E1B7 /* InfoView.swift */ = {isa = PBXFileReference; lastKnownFileType = sourcecode.swift; path = InfoView.swift; sourceTree = "<group>"; };
		63F7E0F828CC998000B2E1B7 /* BaseViewModel.swift */ = {isa = PBXFileReference; lastKnownFileType = sourcecode.swift; path = BaseViewModel.swift; sourceTree = "<group>"; };
		63F7E0FA28CC999000B2E1B7 /* MyScheduleViewModel.swift */ = {isa = PBXFileReference; lastKnownFileType = sourcecode.swift; path = MyScheduleViewModel.swift; sourceTree = "<group>"; };
		63F7E10328CC9D9500B2E1B7 /* Speaker.swift */ = {isa = PBXFileReference; lastKnownFileType = sourcecode.swift; path = Speaker.swift; sourceTree = "<group>"; };
		63F7E10628CC9E7300B2E1B7 /* RemoteImage.swift */ = {isa = PBXFileReference; lastKnownFileType = sourcecode.swift; path = RemoteImage.swift; sourceTree = "<group>"; };
		63F7E10A28CC9F6C00B2E1B7 /* FCollectionReference.swift */ = {isa = PBXFileReference; lastKnownFileType = sourcecode.swift; path = FCollectionReference.swift; sourceTree = "<group>"; };
		63F7E11628CCF50A00B2E1B7 /* AllSpeakersView.swift */ = {isa = PBXFileReference; lastKnownFileType = sourcecode.swift; path = AllSpeakersView.swift; sourceTree = "<group>"; };
		63F7E11B28CCF6B200B2E1B7 /* SpeakerCardView.swift */ = {isa = PBXFileReference; lastKnownFileType = sourcecode.swift; path = SpeakerCardView.swift; sourceTree = "<group>"; };
		63F7E11D28CCFC0C00B2E1B7 /* SpeakerDetailView.swift */ = {isa = PBXFileReference; lastKnownFileType = sourcecode.swift; path = SpeakerDetailView.swift; sourceTree = "<group>"; };
		63F7E11F28CD022E00B2E1B7 /* Location.swift */ = {isa = PBXFileReference; lastKnownFileType = sourcecode.swift; path = Location.swift; sourceTree = "<group>"; };
		63F7E12B28CDB61F00B2E1B7 /* Networking.swift */ = {isa = PBXFileReference; lastKnownFileType = sourcecode.swift; path = Networking.swift; sourceTree = "<group>"; };
		63F7E12D28CE527700B2E1B7 /* InclusivityView.swift */ = {isa = PBXFileReference; lastKnownFileType = sourcecode.swift; path = InclusivityView.swift; sourceTree = "<group>"; };
		EF0DADBF2930A535000B74E7 /* EventInformation.swift */ = {isa = PBXFileReference; lastKnownFileType = sourcecode.swift; path = EventInformation.swift; sourceTree = "<group>"; };
		EF17827B2941F08600EFFB2D /* iOSDevUK.app */ = {isa = PBXFileReference; explicitFileType = wrapper.application; includeInIndex = 0; path = iOSDevUK.app; sourceTree = BUILT_PRODUCTS_DIR; };
		EF1782802941F2D800EFFB2D /* iOSDevUKTests.xctest */ = {isa = PBXFileReference; explicitFileType = wrapper.cfbundle; includeInIndex = 0; path = iOSDevUKTests.xctest; sourceTree = BUILT_PRODUCTS_DIR; };
		EF1782822941F2D800EFFB2D /* SpeakerDetailViewModelTests.swift */ = {isa = PBXFileReference; lastKnownFileType = sourcecode.swift; path = SpeakerDetailViewModelTests.swift; sourceTree = "<group>"; };
		EF1782942941F58400EFFB2D /* FactorySetup.swift */ = {isa = PBXFileReference; lastKnownFileType = sourcecode.swift; path = FactorySetup.swift; sourceTree = "<group>"; };
		EF178296294207D900EFFB2D /* AllSessionsViewModelTest.swift */ = {isa = PBXFileReference; lastKnownFileType = sourcecode.swift; path = AllSessionsViewModelTest.swift; sourceTree = "<group>"; };
		EF3470982944F18700B24854 /* SessionRowViewModelTest.swift */ = {isa = PBXFileReference; lastKnownFileType = sourcecode.swift; path = SessionRowViewModelTest.swift; sourceTree = "<group>"; };
		EF34709B2945C73F00B24854 /* SessionDetailViewModelTest.swift */ = {isa = PBXFileReference; lastKnownFileType = sourcecode.swift; path = SessionDetailViewModelTest.swift; sourceTree = "<group>"; };
		EF8AC50E2932389300E19859 /* ServiceDependencies.swift */ = {isa = PBXFileReference; lastKnownFileType = sourcecode.swift; path = ServiceDependencies.swift; sourceTree = "<group>"; };
		EF8AC510293350FA00E19859 /* AppErrors.swift */ = {isa = PBXFileReference; lastKnownFileType = sourcecode.swift; path = AppErrors.swift; sourceTree = "<group>"; };
		EF999123292A1DD900B4DB8B /* NavigationRouter.swift */ = {isa = PBXFileReference; lastKnownFileType = sourcecode.swift; path = NavigationRouter.swift; sourceTree = "<group>"; };
		EF99912A292A8C9F00B4DB8B /* SectionHeaderView.swift */ = {isa = PBXFileReference; lastKnownFileType = sourcecode.swift; path = SectionHeaderView.swift; sourceTree = "<group>"; };
		EFDE6B55292CA8E100F0C61F /* FirebaseRepository.swift */ = {isa = PBXFileReference; lastKnownFileType = sourcecode.swift; path = FirebaseRepository.swift; sourceTree = "<group>"; };
/* End PBXFileReference section */

/* Begin PBXFrameworksBuildPhase section */
		63F7E0B328CC942100B2E1B7 /* Frameworks */ = {
			isa = PBXFrameworksBuildPhase;
			buildActionMask = 2147483647;
			files = (
				EF17825B2941EC0200EFFB2D /* FirebaseFirestoreSwift in Frameworks */,
				EF1782592941EC0200EFFB2D /* FirebaseDatabaseSwift in Frameworks */,
				634452472A378CAC00DE3927 /* Factory in Frameworks */,
				EF1782572941EC0200EFFB2D /* FirebaseDatabase in Frameworks */,
				6336403529B6188500D6860A /* Kingfisher in Frameworks */,
				6360A8B72972BA5D00908280 /* FirebaseAuth in Frameworks */,
				EF17825D2941EC0200EFFB2D /* FirebaseStorage in Frameworks */,
			);
			runOnlyForDeploymentPostprocessing = 0;
		};
		EF17827D2941F2D800EFFB2D /* Frameworks */ = {
			isa = PBXFrameworksBuildPhase;
			buildActionMask = 2147483647;
			files = (
				EF17828D2941F3C300EFFB2D /* FirebaseDatabaseSwift in Frameworks */,
				EF17828B2941F3C300EFFB2D /* FirebaseDatabase in Frameworks */,
				EF17828F2941F3C300EFFB2D /* FirebaseFirestore in Frameworks */,
				EF1782932941F3C300EFFB2D /* FirebaseStorage in Frameworks */,
				EF1782912941F3C300EFFB2D /* FirebaseFirestoreSwift in Frameworks */,
			);
			runOnlyForDeploymentPostprocessing = 0;
		};
/* End PBXFrameworksBuildPhase section */

/* Begin PBXGroup section */
		63221B1D28DA31F4003EC2D5 /* SpeakerDetailView */ = {
			isa = PBXGroup;
			children = (
				63F7E11D28CCFC0C00B2E1B7 /* SpeakerDetailView.swift */,
			);
			path = SpeakerDetailView;
			sourceTree = "<group>";
		};
		6366D5CD28D0B74A0051542E /* Extensions */ = {
			isa = PBXGroup;
			children = (
				6366D5CB28D0B7120051542E /* Bundle+Extensions.swift */,
				63A986AA29D04D540008DE95 /* Double + Extensions.swift */,
				63497D5028E6084300C7613B /* Date + Extensions.swift */,
				63E8E860290E5898002419A7 /* String + Extensions.swift */,
			);
			path = Extensions;
			sourceTree = "<group>";
		};
		63B80EDF28F075B000445E63 /* Sessions */ = {
			isa = PBXGroup;
			children = (
				634E7ABB28DB806F001DC796 /* AllSessionsView.swift */,
				63E9C55328EAE70400710C8F /* SessionDetailView */,
				63C3E0D928F4878E00D4B4B1 /* SessionRowView */,
			);
			path = Sessions;
			sourceTree = "<group>";
		};
		63BC3A2629CF24F80018286E /* DependencyInjection */ = {
			isa = PBXGroup;
			children = (
				EF8AC50E2932389300E19859 /* ServiceDependencies.swift */,
			);
			path = DependencyInjection;
			sourceTree = "<group>";
		};
		63C3E0D928F4878E00D4B4B1 /* SessionRowView */ = {
			isa = PBXGroup;
			children = (
				63B80EE028F075D400445E63 /* SessionRowView.swift */,
				63E949582916DEB500D6B9B1 /* SessionRowForLocalSession.swift */,
			);
			path = SessionRowView;
			sourceTree = "<group>";
		};
		63D989662901B0570018FDD6 /* AdminSection */ = {
			isa = PBXGroup;
			children = (
				63E394E62972AA620035C1E0 /* Domains */,
				63D989642901B04B0018FDD6 /* AdminView.swift */,
				63E394E32971DCCB0035C1E0 /* LoginView.swift */,
				63D989752901B1530018FDD6 /* Speakers */,
				63D989762901B15E0018FDD6 /* Sessions */,
				63D9897C2901B1B80018FDD6 /* Locations */,
				63D9897B2901B1AF0018FDD6 /* Sponsors */,
			);
			path = AdminSection;
			sourceTree = "<group>";
		};
		63D989752901B1530018FDD6 /* Speakers */ = {
			isa = PBXGroup;
			children = (
				63D989732901B14C0018FDD6 /* AdminSpeakers.swift */,
				63D989692901B0730018FDD6 /* AddSpeakerView.swift */,
			);
			path = Speakers;
			sourceTree = "<group>";
		};
		63D989762901B15E0018FDD6 /* Sessions */ = {
			isa = PBXGroup;
			children = (
				63D989712901B1420018FDD6 /* AdminSessions.swift */,
				63D989672901B06B0018FDD6 /* AddSession.swift */,
				63D2070529F2FEF70031A9A1 /* SelectSpeakerView.swift */,
			);
			path = Sessions;
			sourceTree = "<group>";
		};
		63D9897B2901B1AF0018FDD6 /* Sponsors */ = {
			isa = PBXGroup;
			children = (
				63D989792901B1A90018FDD6 /* AdminSponsors.swift */,
				63D9896D2901B08A0018FDD6 /* AddSponsorView.swift */,
			);
			path = Sponsors;
			sourceTree = "<group>";
		};
		63D9897C2901B1B80018FDD6 /* Locations */ = {
			isa = PBXGroup;
			children = (
				63D989772901B19F0018FDD6 /* AdminLocations.swift */,
				63D9896B2901B0810018FDD6 /* AddLocation.swift */,
			);
			path = Locations;
			sourceTree = "<group>";
		};
		63E394E62972AA620035C1E0 /* Domains */ = {
			isa = PBXGroup;
			children = (
				639BEAF829099E8D009C3870 /* AdminViewModel.swift */,
				63D660362974021300EAAFEB /* AdminSpeakerViewModel.swift */,
				6367516C29B48160003B8B5A /* AdminSponsorViewModel.swift */,
				6367516E29B4EB5B003B8B5A /* AdminLocationViewModel.swift */,
				63C79DA529B50C0D004319C1 /* AdminSessionViewModel.swift */,
				638402A52972F1D100DE8D59 /* LoginViewModel.swift */,
			);
			path = Domains;
			sourceTree = "<group>";
		};
		63E5840E2917A8580034F0D7 /* MapView */ = {
			isa = PBXGroup;
			children = (
				630FEA8D28FF159400D483B2 /* MapView.swift */,
			);
			path = MapView;
			sourceTree = "<group>";
		};
		63E5840F2917A8600034F0D7 /* SponsorsView */ = {
			isa = PBXGroup;
			children = (
				63A6A76F290AED4C00940170 /* SponsorsView.swift */,
			);
			path = SponsorsView;
			sourceTree = "<group>";
		};
		63E584102917A9080034F0D7 /* Utils */ = {
			isa = PBXGroup;
			children = (
				630FEA8B28FF147600D483B2 /* Constants.swift */,
				63A8509C29917D7C0000AB15 /* Reachability.swift */,
				63BC3A2729CF251F0018286E /* LocationService.swift */,
				63D1D7F029D9B327001A4066 /* MappingUtils.swift */,
			);
			path = Utils;
			sourceTree = "<group>";
		};
		63E584112917A9240034F0D7 /* Unused */ = {
			isa = PBXGroup;
			children = (
				63F7E12B28CDB61F00B2E1B7 /* Networking.swift */,
			);
			path = Unused;
			sourceTree = "<group>";
		};
		63E9C55328EAE70400710C8F /* SessionDetailView */ = {
			isa = PBXGroup;
			children = (
				63E9C55128EAE6FF00710C8F /* SessionDetailView.swift */,
			);
			path = SessionDetailView;
			sourceTree = "<group>";
		};
		63E9C55A28EF476D00710C8F /* SecondaryViews */ = {
			isa = PBXGroup;
			children = (
				63B80EDF28F075B000445E63 /* Sessions */,
				63F7E11A28CCF64E00B2E1B7 /* SpeakerView */,
				63E5840E2917A8580034F0D7 /* MapView */,
				63E5840F2917A8600034F0D7 /* SponsorsView */,
			);
			path = SecondaryViews;
			sourceTree = "<group>";
		};
		63F7E0AD28CC942100B2E1B7 = {
			isa = PBXGroup;
			children = (
				63F7E0B828CC942100B2E1B7 /* iOSDevUK */,
				EF17827B2941F08600EFFB2D /* iOSDevUK.app */,
				EF1782802941F2D800EFFB2D /* iOSDevUKTests.xctest */,
				EF1782812941F2D800EFFB2D /* iOSDevUKTests */,
				EF1782892941F3C300EFFB2D /* Frameworks */,
			);
			sourceTree = "<group>";
		};
		63F7E0B828CC942100B2E1B7 /* iOSDevUK */ = {
			isa = PBXGroup;
			children = (
				63A986A729D03B3C0008DE95 /* iOSDevUK.entitlements */,
				63F7E0B928CC942100B2E1B7 /* iOSDevUKApp.swift */,
				63BC3A2629CF24F80018286E /* DependencyInjection */,
				EF8AC5082931F7CF00E19859 /* Domains */,
				63F7E0F328CC993F00B2E1B7 /* Presentation */,
				63F7E10228CC9BA200B2E1B7 /* ViewComponents */,
				EF8AC50A2932353300E19859 /* Navigation */,
				63F7E10528CC9D9F00B2E1B7 /* Model */,
				63F7E12128CD034800B2E1B7 /* FirebaseHelpers */,
				63D989662901B0570018FDD6 /* AdminSection */,
				6366D5CD28D0B74A0051542E /* Extensions */,
				63E584102917A9080034F0D7 /* Utils */,
				EF34709A2944FAA400B24854 /* MOCK */,
				63E584112917A9240034F0D7 /* Unused */,
				63F7E0BD28CC942200B2E1B7 /* Assets.xcassets */,
				63F7E0C728CC942200B2E1B7 /* Info.plist */,
				63E2956329DC953D007F465D /* GoogleService-Info.plist */,
				63F7E0BF28CC942200B2E1B7 /* Preview Content */,
			);
			path = iOSDevUK;
			sourceTree = "<group>";
		};
		63F7E0BF28CC942200B2E1B7 /* Preview Content */ = {
			isa = PBXGroup;
			children = (
				63F7E0C028CC942200B2E1B7 /* Preview Assets.xcassets */,
			);
			path = "Preview Content";
			sourceTree = "<group>";
		};
		63F7E0F328CC993F00B2E1B7 /* Presentation */ = {
			isa = PBXGroup;
			children = (
				63F7E0F428CC994D00B2E1B7 /* HomeView */,
				63F7E0F528CC995800B2E1B7 /* MyScheduleView */,
				63F7E0F628CC996300B2E1B7 /* AttendeeView */,
				63F7E0F728CC996F00B2E1B7 /* InfoView */,
				63E9C55A28EF476D00710C8F /* SecondaryViews */,
			);
			path = Presentation;
			sourceTree = "<group>";
		};
		63F7E0F428CC994D00B2E1B7 /* HomeView */ = {
			isa = PBXGroup;
			children = (
				63F7E0EB28CC980A00B2E1B7 /* HomeView.swift */,
			);
			path = HomeView;
			sourceTree = "<group>";
		};
		63F7E0F528CC995800B2E1B7 /* MyScheduleView */ = {
			isa = PBXGroup;
			children = (
				63F7E0ED28CC981500B2E1B7 /* MyScheduleView.swift */,
			);
			path = MyScheduleView;
			sourceTree = "<group>";
		};
		63F7E0F628CC996300B2E1B7 /* AttendeeView */ = {
			isa = PBXGroup;
			children = (
				63F7E0EF28CC982200B2E1B7 /* AttendeeView.swift */,
			);
			path = AttendeeView;
			sourceTree = "<group>";
		};
		63F7E0F728CC996F00B2E1B7 /* InfoView */ = {
			isa = PBXGroup;
			children = (
				63F7E0F128CC982900B2E1B7 /* InfoView.swift */,
				63F7E12D28CE527700B2E1B7 /* InclusivityView.swift */,
				6366D5C928D0B6720051542E /* AppInformationView.swift */,
				6366D5CE28D0BA180051542E /* AboutView.swift */,
				63BC3A2429CF1C5F0018286E /* LocationsListView.swift */,
			);
			path = InfoView;
			sourceTree = "<group>";
		};
		63F7E10228CC9BA200B2E1B7 /* ViewComponents */ = {
			isa = PBXGroup;
			children = (
				63F7E0E928CC94FF00B2E1B7 /* TabBarView.swift */,
				63F7E10628CC9E7300B2E1B7 /* RemoteImage.swift */,
				634E7AC028DB8166001DC796 /* SessionCardView.swift */,
				63F7E11B28CCF6B200B2E1B7 /* SpeakerCardView.swift */,
				63A6A771290AF08300940170 /* SponsorRow.swift */,
				63D602DD290E9B8E00BC01B9 /* LocationMapAnnotation.swift */,
				EF99912A292A8C9F00B4DB8B /* SectionHeaderView.swift */,
				63C79DA329B5032E004319C1 /* EmptySessionView.swift */,
				63A986A829D047260008DE95 /* WeatherView.swift */,
				63D1D7F229D9E3A9001A4066 /* HourlyWeatherView.swift */,
			);
			path = ViewComponents;
			sourceTree = "<group>";
		};
		63F7E10528CC9D9F00B2E1B7 /* Model */ = {
			isa = PBXGroup;
			children = (
				EF8AC510293350FA00E19859 /* AppErrors.swift */,
				EF0DADBF2930A535000B74E7 /* EventInformation.swift */,
				63E9C55828EF419A00710C8F /* InformationItem.swift */,
				63F7E11F28CD022E00B2E1B7 /* Location.swift */,
				63221B1E28DADB1E003EC2D5 /* Session.swift */,
				63F7E10328CC9D9500B2E1B7 /* Speaker.swift */,
				634E7AB728DB7B5C001DC796 /* Sponsor.swift */,
				630C0B4929D8A75C001424CA /* WeatherData.swift */,
				EF8AC5092931F89300E19859 /* CoreData */,
			);
			path = Model;
			sourceTree = "<group>";
		};
		63F7E11A28CCF64E00B2E1B7 /* SpeakerView */ = {
			isa = PBXGroup;
			children = (
				63F7E11628CCF50A00B2E1B7 /* AllSpeakersView.swift */,
				63221B1D28DA31F4003EC2D5 /* SpeakerDetailView */,
			);
			path = SpeakerView;
			sourceTree = "<group>";
		};
		63F7E12128CD034800B2E1B7 /* FirebaseHelpers */ = {
			isa = PBXGroup;
			children = (
				63F7E10A28CC9F6C00B2E1B7 /* FCollectionReference.swift */,
				EFDE6B55292CA8E100F0C61F /* FirebaseRepository.swift */,
				63E394E72972B1ED0035C1E0 /* FirebaseAuthenticationService.swift */,
				63A8509A29917C1D0000AB15 /* FirebaseFileManager.swift */,
			);
			path = FirebaseHelpers;
			sourceTree = "<group>";
		};
		EF1782812941F2D800EFFB2D /* iOSDevUKTests */ = {
			isa = PBXGroup;
			children = (
				EF178296294207D900EFFB2D /* AllSessionsViewModelTest.swift */,
				EF34709B2945C73F00B24854 /* SessionDetailViewModelTest.swift */,
				EF1782822941F2D800EFFB2D /* SpeakerDetailViewModelTests.swift */,
				EF3470982944F18700B24854 /* SessionRowViewModelTest.swift */,
				EF1782942941F58400EFFB2D /* FactorySetup.swift */,
			);
			path = iOSDevUKTests;
			sourceTree = "<group>";
		};
		EF1782892941F3C300EFFB2D /* Frameworks */ = {
			isa = PBXGroup;
			children = (
			);
			name = Frameworks;
			sourceTree = "<group>";
		};
		EF34709A2944FAA400B24854 /* MOCK */ = {
			isa = PBXGroup;
			children = (
				63E9C55628EF3FB400710C8F /* DummyData.swift */,
			);
			path = MOCK;
			sourceTree = "<group>";
		};
		EF8AC5082931F7CF00E19859 /* Domains */ = {
			isa = PBXGroup;
			children = (
				63F7E0F828CC998000B2E1B7 /* BaseViewModel.swift */,
				63F7E0FA28CC999000B2E1B7 /* MyScheduleViewModel.swift */,
				63E8E85E290E541C002419A7 /* AllSessionsViewModel.swift */,
				63E9C55428EAE73000710C8F /* SessionDetailViewModel.swift */,
				63B80EDC28F01EC400445E63 /* SessionCardViewModel.swift */,
				63B80EE228F0760A00445E63 /* SessionRowViewModel.swift */,
				63221B1B28DA295A003EC2D5 /* SpeakerDetailViewModel.swift */,
				63EBF13D29CF431800A4AE6B /* MapViewModel.swift */,
				63A986A529D039710008DE95 /* WeatherViewModel.swift */,
			);
			path = Domains;
			sourceTree = "<group>";
		};
		EF8AC5092931F89300E19859 /* CoreData */ = {
			isa = PBXGroup;
			children = (
				633604E729167F7A0032955B /* DataController.swift */,
				63F7E0C428CC942200B2E1B7 /* iOSDevUK.xcdatamodeld */,
			);
			path = CoreData;
			sourceTree = "<group>";
		};
		EF8AC50A2932353300E19859 /* Navigation */ = {
			isa = PBXGroup;
			children = (
				EF999123292A1DD900B4DB8B /* NavigationRouter.swift */,
			);
			path = Navigation;
			sourceTree = "<group>";
		};
/* End PBXGroup section */

/* Begin PBXNativeTarget section */
		63F7E0B528CC942100B2E1B7 /* iOSDevUK */ = {
			isa = PBXNativeTarget;
			buildConfigurationList = 63F7E0E028CC942200B2E1B7 /* Build configuration list for PBXNativeTarget "iOSDevUK" */;
			buildPhases = (
				63F7E0B228CC942100B2E1B7 /* Sources */,
				63F7E0B328CC942100B2E1B7 /* Frameworks */,
				63F7E0B428CC942100B2E1B7 /* Resources */,
			);
			buildRules = (
			);
			dependencies = (
			);
			name = iOSDevUK;
			packageProductDependencies = (
				EF1782562941EC0200EFFB2D /* FirebaseDatabase */,
				EF1782582941EC0200EFFB2D /* FirebaseDatabaseSwift */,
				EF17825A2941EC0200EFFB2D /* FirebaseFirestoreSwift */,
				EF17825C2941EC0200EFFB2D /* FirebaseStorage */,
				6360A8B62972BA5D00908280 /* FirebaseAuth */,
				6336403429B6188500D6860A /* Kingfisher */,
				634452462A378CAC00DE3927 /* Factory */,
			);
			productName = iOSDevUK;
			productReference = EF17827B2941F08600EFFB2D /* iOSDevUK.app */;
			productType = "com.apple.product-type.application";
		};
		EF17827F2941F2D800EFFB2D /* iOSDevUKTests */ = {
			isa = PBXNativeTarget;
			buildConfigurationList = EF1782882941F2D800EFFB2D /* Build configuration list for PBXNativeTarget "iOSDevUKTests" */;
			buildPhases = (
				EF17827C2941F2D800EFFB2D /* Sources */,
				EF17827D2941F2D800EFFB2D /* Frameworks */,
				EF17827E2941F2D800EFFB2D /* Resources */,
			);
			buildRules = (
			);
			dependencies = (
				EF1782852941F2D800EFFB2D /* PBXTargetDependency */,
			);
			name = iOSDevUKTests;
			packageProductDependencies = (
				EF17828A2941F3C300EFFB2D /* FirebaseDatabase */,
				EF17828C2941F3C300EFFB2D /* FirebaseDatabaseSwift */,
				EF17828E2941F3C300EFFB2D /* FirebaseFirestore */,
				EF1782902941F3C300EFFB2D /* FirebaseFirestoreSwift */,
				EF1782922941F3C300EFFB2D /* FirebaseStorage */,
			);
			productName = iOSDevUKTests;
			productReference = EF1782802941F2D800EFFB2D /* iOSDevUKTests.xctest */;
			productType = "com.apple.product-type.bundle.unit-test";
		};
/* End PBXNativeTarget section */

/* Begin PBXProject section */
		63F7E0AE28CC942100B2E1B7 /* Project object */ = {
			isa = PBXProject;
			attributes = {
				BuildIndependentTargetsInParallel = 1;
				LastSwiftUpdateCheck = 1400;
				LastUpgradeCheck = 1400;
				TargetAttributes = {
					63F7E0B528CC942100B2E1B7 = {
						CreatedOnToolsVersion = 14.0;
					};
					EF17827F2941F2D800EFFB2D = {
						CreatedOnToolsVersion = 14.0.1;
						TestTargetID = 63F7E0B528CC942100B2E1B7;
					};
				};
			};
			buildConfigurationList = 63F7E0B128CC942100B2E1B7 /* Build configuration list for PBXProject "iOSDevUK" */;
			compatibilityVersion = "Xcode 14.0";
			developmentRegion = en;
			hasScannedForEncodings = 0;
			knownRegions = (
				en,
				Base,
			);
			mainGroup = 63F7E0AD28CC942100B2E1B7;
			packageReferences = (
				EF1782552941EC0200EFFB2D /* XCRemoteSwiftPackageReference "firebase-ios-sdk" */,
				6336403329B6188500D6860A /* XCRemoteSwiftPackageReference "Kingfisher" */,
				634452452A378CAB00DE3927 /* XCRemoteSwiftPackageReference "Factory" */,
			);
			productRefGroup = 63F7E0AD28CC942100B2E1B7;
			projectDirPath = "";
			projectRoot = "";
			targets = (
				63F7E0B528CC942100B2E1B7 /* iOSDevUK */,
				EF17827F2941F2D800EFFB2D /* iOSDevUKTests */,
			);
		};
/* End PBXProject section */

/* Begin PBXResourcesBuildPhase section */
		63F7E0B428CC942100B2E1B7 /* Resources */ = {
			isa = PBXResourcesBuildPhase;
			buildActionMask = 2147483647;
			files = (
				63E2956429DC953D007F465D /* GoogleService-Info.plist in Resources */,
				63F7E0C128CC942200B2E1B7 /* Preview Assets.xcassets in Resources */,
				63F7E0BE28CC942200B2E1B7 /* Assets.xcassets in Resources */,
			);
			runOnlyForDeploymentPostprocessing = 0;
		};
		EF17827E2941F2D800EFFB2D /* Resources */ = {
			isa = PBXResourcesBuildPhase;
			buildActionMask = 2147483647;
			files = (
			);
			runOnlyForDeploymentPostprocessing = 0;
		};
/* End PBXResourcesBuildPhase section */

/* Begin PBXSourcesBuildPhase section */
		63F7E0B228CC942100B2E1B7 /* Sources */ = {
			isa = PBXSourcesBuildPhase;
			buildActionMask = 2147483647;
			files = (
				6366D5CF28D0BA180051542E /* AboutView.swift in Sources */,
				63E8E85F290E541C002419A7 /* AllSessionsViewModel.swift in Sources */,
				EF999124292A1DD900B4DB8B /* NavigationRouter.swift in Sources */,
				63221B1C28DA295A003EC2D5 /* SpeakerDetailViewModel.swift in Sources */,
				63F7E11C28CCF6B200B2E1B7 /* SpeakerCardView.swift in Sources */,
				63E949592916DEB500D6B9B1 /* SessionRowForLocalSession.swift in Sources */,
				63D9896E2901B08A0018FDD6 /* AddSponsorView.swift in Sources */,
				630FEA8E28FF159400D483B2 /* MapView.swift in Sources */,
				634E7ABC28DB806F001DC796 /* AllSessionsView.swift in Sources */,
				63A986AB29D04D540008DE95 /* Double + Extensions.swift in Sources */,
				EF8AC511293350FA00E19859 /* AppErrors.swift in Sources */,
				63497D5128E6084300C7613B /* Date + Extensions.swift in Sources */,
				63F7E10B28CC9F6C00B2E1B7 /* FCollectionReference.swift in Sources */,
				EF0DADC02930A535000B74E7 /* EventInformation.swift in Sources */,
				63D1D7F329D9E3A9001A4066 /* HourlyWeatherView.swift in Sources */,
				63A986A929D047260008DE95 /* WeatherView.swift in Sources */,
				63D989652901B04B0018FDD6 /* AdminView.swift in Sources */,
				63F7E11E28CCFC0C00B2E1B7 /* SpeakerDetailView.swift in Sources */,
				63BC3A2529CF1C5F0018286E /* LocationsListView.swift in Sources */,
				63B80EE128F075D400445E63 /* SessionRowView.swift in Sources */,
				63A8509B29917C1D0000AB15 /* FirebaseFileManager.swift in Sources */,
				639BEAF929099E8D009C3870 /* AdminViewModel.swift in Sources */,
				63F7E0FB28CC999000B2E1B7 /* MyScheduleViewModel.swift in Sources */,
				63E394E42971DCCB0035C1E0 /* LoginView.swift in Sources */,
				63F7E12E28CE527700B2E1B7 /* InclusivityView.swift in Sources */,
				63E9C55228EAE6FF00710C8F /* SessionDetailView.swift in Sources */,
				63E8E861290E5898002419A7 /* String + Extensions.swift in Sources */,
				63E9C55528EAE73000710C8F /* SessionDetailViewModel.swift in Sources */,
				634E7AC128DB8166001DC796 /* SessionCardView.swift in Sources */,
				633604E829167F7A0032955B /* DataController.swift in Sources */,
				63F7E0F028CC982200B2E1B7 /* AttendeeView.swift in Sources */,
				EF8AC50F2932389300E19859 /* ServiceDependencies.swift in Sources */,
				63F7E0F928CC998000B2E1B7 /* BaseViewModel.swift in Sources */,
				63F7E0BA28CC942100B2E1B7 /* iOSDevUKApp.swift in Sources */,
				63C79DA629B50C0D004319C1 /* AdminSessionViewModel.swift in Sources */,
				6366D5CC28D0B7120051542E /* Bundle+Extensions.swift in Sources */,
				63D602DE290E9B8E00BC01B9 /* LocationMapAnnotation.swift in Sources */,
				63D9896C2901B0810018FDD6 /* AddLocation.swift in Sources */,
				63F7E0EC28CC980A00B2E1B7 /* HomeView.swift in Sources */,
				630C0B4A29D8A75C001424CA /* WeatherData.swift in Sources */,
				63D9897A2901B1A90018FDD6 /* AdminSponsors.swift in Sources */,
				63A6A772290AF08300940170 /* SponsorRow.swift in Sources */,
				63F7E0EA28CC94FF00B2E1B7 /* TabBarView.swift in Sources */,
				63F7E12028CD022E00B2E1B7 /* Location.swift in Sources */,
				6366D5CA28D0B6720051542E /* AppInformationView.swift in Sources */,
				63D1D7F129D9B327001A4066 /* MappingUtils.swift in Sources */,
				63E9C55928EF419A00710C8F /* InformationItem.swift in Sources */,
				63D989742901B14C0018FDD6 /* AdminSpeakers.swift in Sources */,
				63E394E82972B1ED0035C1E0 /* FirebaseAuthenticationService.swift in Sources */,
				63F7E10728CC9E7300B2E1B7 /* RemoteImage.swift in Sources */,
				63C79DA429B5032E004319C1 /* EmptySessionView.swift in Sources */,
				63B80EDD28F01EC400445E63 /* SessionCardViewModel.swift in Sources */,
				63F7E0EE28CC981500B2E1B7 /* MyScheduleView.swift in Sources */,
				63F7E10428CC9D9500B2E1B7 /* Speaker.swift in Sources */,
				63F7E11728CCF50A00B2E1B7 /* AllSpeakersView.swift in Sources */,
				63F7E0F228CC982900B2E1B7 /* InfoView.swift in Sources */,
				6367516F29B4EB5B003B8B5A /* AdminLocationViewModel.swift in Sources */,
				63D989722901B1420018FDD6 /* AdminSessions.swift in Sources */,
				638402A62972F1D100DE8D59 /* LoginViewModel.swift in Sources */,
				63D660372974021300EAAFEB /* AdminSpeakerViewModel.swift in Sources */,
				63A6A770290AED4C00940170 /* SponsorsView.swift in Sources */,
				634E7AB828DB7B5C001DC796 /* Sponsor.swift in Sources */,
				63BC3A2829CF251F0018286E /* LocationService.swift in Sources */,
				EF99912B292A8C9F00B4DB8B /* SectionHeaderView.swift in Sources */,
				63D989782901B19F0018FDD6 /* AdminLocations.swift in Sources */,
				63D989682901B06B0018FDD6 /* AddSession.swift in Sources */,
				63B80EE328F0760A00445E63 /* SessionRowViewModel.swift in Sources */,
				63221B1F28DADB1E003EC2D5 /* Session.swift in Sources */,
				63A986A629D039710008DE95 /* WeatherViewModel.swift in Sources */,
				EFDE6B56292CA8E100F0C61F /* FirebaseRepository.swift in Sources */,
				63D9896A2901B0730018FDD6 /* AddSpeakerView.swift in Sources */,
				63F7E0C628CC942200B2E1B7 /* iOSDevUK.xcdatamodeld in Sources */,
				63A8509D29917D7C0000AB15 /* Reachability.swift in Sources */,
				63E9C55728EF3FB400710C8F /* DummyData.swift in Sources */,
				63F7E12C28CDB61F00B2E1B7 /* Networking.swift in Sources */,
				630FEA8C28FF147600D483B2 /* Constants.swift in Sources */,
				63D2070629F2FEF70031A9A1 /* SelectSpeakerView.swift in Sources */,
				6367516D29B48160003B8B5A /* AdminSponsorViewModel.swift in Sources */,
				63EBF13E29CF431800A4AE6B /* MapViewModel.swift in Sources */,
			);
			runOnlyForDeploymentPostprocessing = 0;
		};
		EF17827C2941F2D800EFFB2D /* Sources */ = {
			isa = PBXSourcesBuildPhase;
			buildActionMask = 2147483647;
			files = (
				EF3470992944F18700B24854 /* SessionRowViewModelTest.swift in Sources */,
				EF1782952941F58400EFFB2D /* FactorySetup.swift in Sources */,
				EF178297294207D900EFFB2D /* AllSessionsViewModelTest.swift in Sources */,
				EF1782832941F2D800EFFB2D /* SpeakerDetailViewModelTests.swift in Sources */,
				EF34709C2945C73F00B24854 /* SessionDetailViewModelTest.swift in Sources */,
			);
			runOnlyForDeploymentPostprocessing = 0;
		};
/* End PBXSourcesBuildPhase section */

/* Begin PBXTargetDependency section */
		EF1782852941F2D800EFFB2D /* PBXTargetDependency */ = {
			isa = PBXTargetDependency;
			target = 63F7E0B528CC942100B2E1B7 /* iOSDevUK */;
			targetProxy = EF1782842941F2D800EFFB2D /* PBXContainerItemProxy */;
		};
/* End PBXTargetDependency section */

/* Begin XCBuildConfiguration section */
		63F7E0DE28CC942200B2E1B7 /* Debug */ = {
			isa = XCBuildConfiguration;
			buildSettings = {
				ALWAYS_SEARCH_USER_PATHS = NO;
				CLANG_ANALYZER_NONNULL = YES;
				CLANG_ANALYZER_NUMBER_OBJECT_CONVERSION = YES_AGGRESSIVE;
				CLANG_CXX_LANGUAGE_STANDARD = "gnu++20";
				CLANG_ENABLE_MODULES = YES;
				CLANG_ENABLE_OBJC_ARC = YES;
				CLANG_ENABLE_OBJC_WEAK = YES;
				CLANG_WARN_BLOCK_CAPTURE_AUTORELEASING = YES;
				CLANG_WARN_BOOL_CONVERSION = YES;
				CLANG_WARN_COMMA = YES;
				CLANG_WARN_CONSTANT_CONVERSION = YES;
				CLANG_WARN_DEPRECATED_OBJC_IMPLEMENTATIONS = YES;
				CLANG_WARN_DIRECT_OBJC_ISA_USAGE = YES_ERROR;
				CLANG_WARN_DOCUMENTATION_COMMENTS = YES;
				CLANG_WARN_EMPTY_BODY = YES;
				CLANG_WARN_ENUM_CONVERSION = YES;
				CLANG_WARN_INFINITE_RECURSION = YES;
				CLANG_WARN_INT_CONVERSION = YES;
				CLANG_WARN_NON_LITERAL_NULL_CONVERSION = YES;
				CLANG_WARN_OBJC_IMPLICIT_RETAIN_SELF = YES;
				CLANG_WARN_OBJC_LITERAL_CONVERSION = YES;
				CLANG_WARN_OBJC_ROOT_CLASS = YES_ERROR;
				CLANG_WARN_QUOTED_INCLUDE_IN_FRAMEWORK_HEADER = YES;
				CLANG_WARN_RANGE_LOOP_ANALYSIS = YES;
				CLANG_WARN_STRICT_PROTOTYPES = YES;
				CLANG_WARN_SUSPICIOUS_MOVE = YES;
				CLANG_WARN_UNGUARDED_AVAILABILITY = YES_AGGRESSIVE;
				CLANG_WARN_UNREACHABLE_CODE = YES;
				CLANG_WARN__DUPLICATE_METHOD_MATCH = YES;
				COPY_PHASE_STRIP = NO;
				DEBUG_INFORMATION_FORMAT = dwarf;
				ENABLE_STRICT_OBJC_MSGSEND = YES;
				ENABLE_TESTABILITY = YES;
				GCC_C_LANGUAGE_STANDARD = gnu11;
				GCC_DYNAMIC_NO_PIC = NO;
				GCC_NO_COMMON_BLOCKS = YES;
				GCC_OPTIMIZATION_LEVEL = 0;
				GCC_PREPROCESSOR_DEFINITIONS = (
					"DEBUG=1",
					"$(inherited)",
				);
				GCC_WARN_64_TO_32_BIT_CONVERSION = YES;
				GCC_WARN_ABOUT_RETURN_TYPE = YES_ERROR;
				GCC_WARN_UNDECLARED_SELECTOR = YES;
				GCC_WARN_UNINITIALIZED_AUTOS = YES_AGGRESSIVE;
				GCC_WARN_UNUSED_FUNCTION = YES;
				GCC_WARN_UNUSED_VARIABLE = YES;
				IPHONEOS_DEPLOYMENT_TARGET = 16.0;
				MTL_ENABLE_DEBUG_INFO = INCLUDE_SOURCE;
				MTL_FAST_MATH = YES;
				ONLY_ACTIVE_ARCH = YES;
				SDKROOT = iphoneos;
				SWIFT_ACTIVE_COMPILATION_CONDITIONS = DEBUG;
				SWIFT_OPTIMIZATION_LEVEL = "-Onone";
			};
			name = Debug;
		};
		63F7E0DF28CC942200B2E1B7 /* Release */ = {
			isa = XCBuildConfiguration;
			buildSettings = {
				ALWAYS_SEARCH_USER_PATHS = NO;
				CLANG_ANALYZER_NONNULL = YES;
				CLANG_ANALYZER_NUMBER_OBJECT_CONVERSION = YES_AGGRESSIVE;
				CLANG_CXX_LANGUAGE_STANDARD = "gnu++20";
				CLANG_ENABLE_MODULES = YES;
				CLANG_ENABLE_OBJC_ARC = YES;
				CLANG_ENABLE_OBJC_WEAK = YES;
				CLANG_WARN_BLOCK_CAPTURE_AUTORELEASING = YES;
				CLANG_WARN_BOOL_CONVERSION = YES;
				CLANG_WARN_COMMA = YES;
				CLANG_WARN_CONSTANT_CONVERSION = YES;
				CLANG_WARN_DEPRECATED_OBJC_IMPLEMENTATIONS = YES;
				CLANG_WARN_DIRECT_OBJC_ISA_USAGE = YES_ERROR;
				CLANG_WARN_DOCUMENTATION_COMMENTS = YES;
				CLANG_WARN_EMPTY_BODY = YES;
				CLANG_WARN_ENUM_CONVERSION = YES;
				CLANG_WARN_INFINITE_RECURSION = YES;
				CLANG_WARN_INT_CONVERSION = YES;
				CLANG_WARN_NON_LITERAL_NULL_CONVERSION = YES;
				CLANG_WARN_OBJC_IMPLICIT_RETAIN_SELF = YES;
				CLANG_WARN_OBJC_LITERAL_CONVERSION = YES;
				CLANG_WARN_OBJC_ROOT_CLASS = YES_ERROR;
				CLANG_WARN_QUOTED_INCLUDE_IN_FRAMEWORK_HEADER = YES;
				CLANG_WARN_RANGE_LOOP_ANALYSIS = YES;
				CLANG_WARN_STRICT_PROTOTYPES = YES;
				CLANG_WARN_SUSPICIOUS_MOVE = YES;
				CLANG_WARN_UNGUARDED_AVAILABILITY = YES_AGGRESSIVE;
				CLANG_WARN_UNREACHABLE_CODE = YES;
				CLANG_WARN__DUPLICATE_METHOD_MATCH = YES;
				COPY_PHASE_STRIP = NO;
				DEBUG_INFORMATION_FORMAT = "dwarf-with-dsym";
				ENABLE_NS_ASSERTIONS = NO;
				ENABLE_STRICT_OBJC_MSGSEND = YES;
				GCC_C_LANGUAGE_STANDARD = gnu11;
				GCC_NO_COMMON_BLOCKS = YES;
				GCC_WARN_64_TO_32_BIT_CONVERSION = YES;
				GCC_WARN_ABOUT_RETURN_TYPE = YES_ERROR;
				GCC_WARN_UNDECLARED_SELECTOR = YES;
				GCC_WARN_UNINITIALIZED_AUTOS = YES_AGGRESSIVE;
				GCC_WARN_UNUSED_FUNCTION = YES;
				GCC_WARN_UNUSED_VARIABLE = YES;
				IPHONEOS_DEPLOYMENT_TARGET = 16.0;
				MTL_ENABLE_DEBUG_INFO = NO;
				MTL_FAST_MATH = YES;
				SDKROOT = iphoneos;
				SWIFT_COMPILATION_MODE = wholemodule;
				SWIFT_OPTIMIZATION_LEVEL = "-O";
				VALIDATE_PRODUCT = YES;
			};
			name = Release;
		};
		63F7E0E128CC942200B2E1B7 /* Debug */ = {
			isa = XCBuildConfiguration;
			buildSettings = {
				ASSETCATALOG_COMPILER_APPICON_NAME = AppIcon;
				ASSETCATALOG_COMPILER_GLOBAL_ACCENT_COLOR_NAME = AccentColor;
				CODE_SIGN_ENTITLEMENTS = iOSDevUK/iOSDevUK.entitlements;
				CODE_SIGN_STYLE = Automatic;
				CURRENT_PROJECT_VERSION = 4;
				DEVELOPMENT_ASSET_PATHS = "\"iOSDevUK/Preview Content\"";
				DEVELOPMENT_TEAM = 7P6AJEE272;
				ENABLE_PREVIEWS = YES;
				GENERATE_INFOPLIST_FILE = YES;
				INFOPLIST_KEY_LSApplicationCategoryType = "public.app-category.entertainment";
				INFOPLIST_KEY_NSLocationWhenInUseUsageDescription = "$(PRODUCT_NAME) uses your location to show on the map.";
				INFOPLIST_KEY_UIApplicationSceneManifest_Generation = YES;
				INFOPLIST_KEY_UIApplicationSupportsIndirectInputEvents = YES;
				INFOPLIST_KEY_UILaunchScreen_Generation = YES;
				INFOPLIST_KEY_UISupportedInterfaceOrientations_iPad = "UIInterfaceOrientationPortrait UIInterfaceOrientationPortraitUpsideDown UIInterfaceOrientationLandscapeLeft UIInterfaceOrientationLandscapeRight";
				INFOPLIST_KEY_UISupportedInterfaceOrientations_iPhone = "UIInterfaceOrientationPortrait UIInterfaceOrientationLandscapeLeft UIInterfaceOrientationLandscapeRight";
				LD_RUNPATH_SEARCH_PATHS = (
					"$(inherited)",
					"@executable_path/Frameworks",
				);
				MARKETING_VERSION = 1.0;
				PRODUCT_BUNDLE_IDENTIFIER = com.iosdevschool.iOSDevUK;
				PRODUCT_NAME = "$(TARGET_NAME)";
				SWIFT_EMIT_LOC_STRINGS = YES;
				SWIFT_VERSION = 5.0;
				TARGETED_DEVICE_FAMILY = "1,2";
			};
			name = Debug;
		};
		63F7E0E228CC942200B2E1B7 /* Release */ = {
			isa = XCBuildConfiguration;
			buildSettings = {
				ASSETCATALOG_COMPILER_APPICON_NAME = AppIcon;
				ASSETCATALOG_COMPILER_GLOBAL_ACCENT_COLOR_NAME = AccentColor;
				CODE_SIGN_ENTITLEMENTS = iOSDevUK/iOSDevUK.entitlements;
				CODE_SIGN_STYLE = Automatic;
				CURRENT_PROJECT_VERSION = 4;
				DEVELOPMENT_ASSET_PATHS = "\"iOSDevUK/Preview Content\"";
				DEVELOPMENT_TEAM = 7P6AJEE272;
				ENABLE_PREVIEWS = YES;
				GENERATE_INFOPLIST_FILE = YES;
				INFOPLIST_KEY_LSApplicationCategoryType = "public.app-category.entertainment";
				INFOPLIST_KEY_NSLocationWhenInUseUsageDescription = "$(PRODUCT_NAME) uses your location to show on the map.";
				INFOPLIST_KEY_UIApplicationSceneManifest_Generation = YES;
				INFOPLIST_KEY_UIApplicationSupportsIndirectInputEvents = YES;
				INFOPLIST_KEY_UILaunchScreen_Generation = YES;
				INFOPLIST_KEY_UISupportedInterfaceOrientations_iPad = "UIInterfaceOrientationPortrait UIInterfaceOrientationPortraitUpsideDown UIInterfaceOrientationLandscapeLeft UIInterfaceOrientationLandscapeRight";
				INFOPLIST_KEY_UISupportedInterfaceOrientations_iPhone = "UIInterfaceOrientationPortrait UIInterfaceOrientationLandscapeLeft UIInterfaceOrientationLandscapeRight";
				LD_RUNPATH_SEARCH_PATHS = (
					"$(inherited)",
					"@executable_path/Frameworks",
				);
				MARKETING_VERSION = 1.0;
				PRODUCT_BUNDLE_IDENTIFIER = com.iosdevschool.iOSDevUK;
				PRODUCT_NAME = "$(TARGET_NAME)";
				SWIFT_EMIT_LOC_STRINGS = YES;
				SWIFT_VERSION = 5.0;
				TARGETED_DEVICE_FAMILY = "1,2";
			};
			name = Release;
		};
		EF1782862941F2D800EFFB2D /* Debug */ = {
			isa = XCBuildConfiguration;
			buildSettings = {
				BUNDLE_LOADER = "$(TEST_HOST)";
				CODE_SIGN_STYLE = Automatic;
				CURRENT_PROJECT_VERSION = 1;
				DEVELOPMENT_TEAM = 7P6AJEE272;
				GENERATE_INFOPLIST_FILE = YES;
				MARKETING_VERSION = 1.0;
				PRODUCT_BUNDLE_IDENTIFIER = com.iosdevschool.iOSDevUKTests;
				PRODUCT_NAME = "$(TARGET_NAME)";
				SWIFT_EMIT_LOC_STRINGS = NO;
				SWIFT_VERSION = 5.0;
				TARGETED_DEVICE_FAMILY = "1,2";
				TEST_HOST = "$(BUILT_PRODUCTS_DIR)/iOSDevUK.app/$(BUNDLE_EXECUTABLE_FOLDER_PATH)/iOSDevUK";
			};
			name = Debug;
		};
		EF1782872941F2D800EFFB2D /* Release */ = {
			isa = XCBuildConfiguration;
			buildSettings = {
				BUNDLE_LOADER = "$(TEST_HOST)";
				CODE_SIGN_STYLE = Automatic;
				CURRENT_PROJECT_VERSION = 1;
				DEVELOPMENT_TEAM = 7P6AJEE272;
				GENERATE_INFOPLIST_FILE = YES;
				MARKETING_VERSION = 1.0;
				PRODUCT_BUNDLE_IDENTIFIER = com.iosdevschool.iOSDevUKTests;
				PRODUCT_NAME = "$(TARGET_NAME)";
				SWIFT_EMIT_LOC_STRINGS = NO;
				SWIFT_VERSION = 5.0;
				TARGETED_DEVICE_FAMILY = "1,2";
				TEST_HOST = "$(BUILT_PRODUCTS_DIR)/iOSDevUK.app/$(BUNDLE_EXECUTABLE_FOLDER_PATH)/iOSDevUK";
			};
			name = Release;
		};
/* End XCBuildConfiguration section */

/* Begin XCConfigurationList section */
		63F7E0B128CC942100B2E1B7 /* Build configuration list for PBXProject "iOSDevUK" */ = {
			isa = XCConfigurationList;
			buildConfigurations = (
				63F7E0DE28CC942200B2E1B7 /* Debug */,
				63F7E0DF28CC942200B2E1B7 /* Release */,
			);
			defaultConfigurationIsVisible = 0;
			defaultConfigurationName = Release;
		};
		63F7E0E028CC942200B2E1B7 /* Build configuration list for PBXNativeTarget "iOSDevUK" */ = {
			isa = XCConfigurationList;
			buildConfigurations = (
				63F7E0E128CC942200B2E1B7 /* Debug */,
				63F7E0E228CC942200B2E1B7 /* Release */,
			);
			defaultConfigurationIsVisible = 0;
			defaultConfigurationName = Release;
		};
		EF1782882941F2D800EFFB2D /* Build configuration list for PBXNativeTarget "iOSDevUKTests" */ = {
			isa = XCConfigurationList;
			buildConfigurations = (
				EF1782862941F2D800EFFB2D /* Debug */,
				EF1782872941F2D800EFFB2D /* Release */,
			);
			defaultConfigurationIsVisible = 0;
			defaultConfigurationName = Release;
		};
/* End XCConfigurationList section */

/* Begin XCRemoteSwiftPackageReference section */
		6336403329B6188500D6860A /* XCRemoteSwiftPackageReference "Kingfisher" */ = {
			isa = XCRemoteSwiftPackageReference;
			repositoryURL = "https://github.com/onevcat/Kingfisher.git";
			requirement = {
				kind = upToNextMajorVersion;
				minimumVersion = 7.0.0;
			};
		};
		634452452A378CAB00DE3927 /* XCRemoteSwiftPackageReference "Factory" */ = {
			isa = XCRemoteSwiftPackageReference;
			repositoryURL = "https://github.com/hmlongco/Factory";
			requirement = {
				kind = upToNextMajorVersion;
				minimumVersion = 2.0.0;
			};
		};
		EF1782552941EC0200EFFB2D /* XCRemoteSwiftPackageReference "firebase-ios-sdk" */ = {
			isa = XCRemoteSwiftPackageReference;
			repositoryURL = "https://github.com/firebase/firebase-ios-sdk";
			requirement = {
				branch = master;
				kind = branch;
			};
		};
/* End XCRemoteSwiftPackageReference section */

/* Begin XCSwiftPackageProductDependency section */
		6336403429B6188500D6860A /* Kingfisher */ = {
			isa = XCSwiftPackageProductDependency;
			package = 6336403329B6188500D6860A /* XCRemoteSwiftPackageReference "Kingfisher" */;
			productName = Kingfisher;
		};
		634452462A378CAC00DE3927 /* Factory */ = {
			isa = XCSwiftPackageProductDependency;
			package = 634452452A378CAB00DE3927 /* XCRemoteSwiftPackageReference "Factory" */;
			productName = Factory;
		};
		6360A8B62972BA5D00908280 /* FirebaseAuth */ = {
			isa = XCSwiftPackageProductDependency;
			package = EF1782552941EC0200EFFB2D /* XCRemoteSwiftPackageReference "firebase-ios-sdk" */;
			productName = FirebaseAuth;
		};
		EF1782562941EC0200EFFB2D /* FirebaseDatabase */ = {
			isa = XCSwiftPackageProductDependency;
			package = EF1782552941EC0200EFFB2D /* XCRemoteSwiftPackageReference "firebase-ios-sdk" */;
			productName = FirebaseDatabase;
		};
		EF1782582941EC0200EFFB2D /* FirebaseDatabaseSwift */ = {
			isa = XCSwiftPackageProductDependency;
			package = EF1782552941EC0200EFFB2D /* XCRemoteSwiftPackageReference "firebase-ios-sdk" */;
			productName = FirebaseDatabaseSwift;
		};
		EF17825A2941EC0200EFFB2D /* FirebaseFirestoreSwift */ = {
			isa = XCSwiftPackageProductDependency;
			package = EF1782552941EC0200EFFB2D /* XCRemoteSwiftPackageReference "firebase-ios-sdk" */;
			productName = FirebaseFirestoreSwift;
		};
		EF17825C2941EC0200EFFB2D /* FirebaseStorage */ = {
			isa = XCSwiftPackageProductDependency;
			package = EF1782552941EC0200EFFB2D /* XCRemoteSwiftPackageReference "firebase-ios-sdk" */;
			productName = FirebaseStorage;
		};
		EF17828A2941F3C300EFFB2D /* FirebaseDatabase */ = {
			isa = XCSwiftPackageProductDependency;
			package = EF1782552941EC0200EFFB2D /* XCRemoteSwiftPackageReference "firebase-ios-sdk" */;
			productName = FirebaseDatabase;
		};
		EF17828C2941F3C300EFFB2D /* FirebaseDatabaseSwift */ = {
			isa = XCSwiftPackageProductDependency;
			package = EF1782552941EC0200EFFB2D /* XCRemoteSwiftPackageReference "firebase-ios-sdk" */;
			productName = FirebaseDatabaseSwift;
		};
		EF17828E2941F3C300EFFB2D /* FirebaseFirestore */ = {
			isa = XCSwiftPackageProductDependency;
			package = EF1782552941EC0200EFFB2D /* XCRemoteSwiftPackageReference "firebase-ios-sdk" */;
			productName = FirebaseFirestore;
		};
		EF1782902941F3C300EFFB2D /* FirebaseFirestoreSwift */ = {
			isa = XCSwiftPackageProductDependency;
			package = EF1782552941EC0200EFFB2D /* XCRemoteSwiftPackageReference "firebase-ios-sdk" */;
			productName = FirebaseFirestoreSwift;
		};
		EF1782922941F3C300EFFB2D /* FirebaseStorage */ = {
			isa = XCSwiftPackageProductDependency;
			package = EF1782552941EC0200EFFB2D /* XCRemoteSwiftPackageReference "firebase-ios-sdk" */;
			productName = FirebaseStorage;
		};
/* End XCSwiftPackageProductDependency section */

/* Begin XCVersionGroup section */
		63F7E0C428CC942200B2E1B7 /* iOSDevUK.xcdatamodeld */ = {
			isa = XCVersionGroup;
			children = (
				63F7E0C528CC942200B2E1B7 /* iOSDevUK.xcdatamodel */,
			);
			currentVersion = 63F7E0C528CC942200B2E1B7 /* iOSDevUK.xcdatamodel */;
			path = iOSDevUK.xcdatamodeld;
			sourceTree = "<group>";
			versionGroupType = wrapper.xcdatamodel;
		};
/* End XCVersionGroup section */
	};
	rootObject = 63F7E0AE28CC942100B2E1B7 /* Project object */;
}
