// !$*UTF8*$!
{
	archiveVersion = 1;
	classes = {
	};
	objectVersion = 56;
	objects = {

/* Begin PBXBuildFile section */
		6366D5CA28D0B6720051542E /* AppInformationView.swift in Sources */ = {isa = PBXBuildFile; fileRef = 6366D5C928D0B6720051542E /* AppInformationView.swift */; };
		6366D5CC28D0B7120051542E /* Bundle+Extensions.swift in Sources */ = {isa = PBXBuildFile; fileRef = 6366D5CB28D0B7120051542E /* Bundle+Extensions.swift */; };
		6366D5CF28D0BA180051542E /* AboutView.swift in Sources */ = {isa = PBXBuildFile; fileRef = 6366D5CE28D0BA180051542E /* AboutView.swift */; };
		63F7E0BA28CC942100B2E1B7 /* iOSDevUKApp.swift in Sources */ = {isa = PBXBuildFile; fileRef = 63F7E0B928CC942100B2E1B7 /* iOSDevUKApp.swift */; };
		63F7E0BC28CC942100B2E1B7 /* ContentView.swift in Sources */ = {isa = PBXBuildFile; fileRef = 63F7E0BB28CC942100B2E1B7 /* ContentView.swift */; };
		63F7E0BE28CC942200B2E1B7 /* Assets.xcassets in Resources */ = {isa = PBXBuildFile; fileRef = 63F7E0BD28CC942200B2E1B7 /* Assets.xcassets */; };
		63F7E0C128CC942200B2E1B7 /* Preview Assets.xcassets in Resources */ = {isa = PBXBuildFile; fileRef = 63F7E0C028CC942200B2E1B7 /* Preview Assets.xcassets */; };
		63F7E0C328CC942200B2E1B7 /* Persistence.swift in Sources */ = {isa = PBXBuildFile; fileRef = 63F7E0C228CC942200B2E1B7 /* Persistence.swift */; };
		63F7E0C628CC942200B2E1B7 /* iOSDevUK.xcdatamodeld in Sources */ = {isa = PBXBuildFile; fileRef = 63F7E0C428CC942200B2E1B7 /* iOSDevUK.xcdatamodeld */; };
		63F7E0D128CC942200B2E1B7 /* iOSDevUKTests.swift in Sources */ = {isa = PBXBuildFile; fileRef = 63F7E0D028CC942200B2E1B7 /* iOSDevUKTests.swift */; };
		63F7E0DB28CC942200B2E1B7 /* iOSDevUKUITests.swift in Sources */ = {isa = PBXBuildFile; fileRef = 63F7E0DA28CC942200B2E1B7 /* iOSDevUKUITests.swift */; };
		63F7E0DD28CC942200B2E1B7 /* iOSDevUKUITestsLaunchTests.swift in Sources */ = {isa = PBXBuildFile; fileRef = 63F7E0DC28CC942200B2E1B7 /* iOSDevUKUITestsLaunchTests.swift */; };
		63F7E0EA28CC94FF00B2E1B7 /* TabBarView.swift in Sources */ = {isa = PBXBuildFile; fileRef = 63F7E0E928CC94FF00B2E1B7 /* TabBarView.swift */; };
		63F7E0EC28CC980A00B2E1B7 /* HomeView.swift in Sources */ = {isa = PBXBuildFile; fileRef = 63F7E0EB28CC980A00B2E1B7 /* HomeView.swift */; };
		63F7E0EE28CC981500B2E1B7 /* MyScheduleView.swift in Sources */ = {isa = PBXBuildFile; fileRef = 63F7E0ED28CC981500B2E1B7 /* MyScheduleView.swift */; };
		63F7E0F028CC982200B2E1B7 /* AttendeeView.swift in Sources */ = {isa = PBXBuildFile; fileRef = 63F7E0EF28CC982200B2E1B7 /* AttendeeView.swift */; };
		63F7E0F228CC982900B2E1B7 /* InfoView.swift in Sources */ = {isa = PBXBuildFile; fileRef = 63F7E0F128CC982900B2E1B7 /* InfoView.swift */; };
		63F7E0F928CC998000B2E1B7 /* HomeViewModel.swift in Sources */ = {isa = PBXBuildFile; fileRef = 63F7E0F828CC998000B2E1B7 /* HomeViewModel.swift */; };
		63F7E0FB28CC999000B2E1B7 /* MyScheduleViewModel.swift in Sources */ = {isa = PBXBuildFile; fileRef = 63F7E0FA28CC999000B2E1B7 /* MyScheduleViewModel.swift */; };
		63F7E0FD28CC999900B2E1B7 /* AttendeeViewModel.swift in Sources */ = {isa = PBXBuildFile; fileRef = 63F7E0FC28CC999900B2E1B7 /* AttendeeViewModel.swift */; };
		63F7E10128CC9B4B00B2E1B7 /* CustomNavigationView.swift in Sources */ = {isa = PBXBuildFile; fileRef = 63F7E10028CC9B4B00B2E1B7 /* CustomNavigationView.swift */; };
		63F7E10428CC9D9500B2E1B7 /* Speaker.swift in Sources */ = {isa = PBXBuildFile; fileRef = 63F7E10328CC9D9500B2E1B7 /* Speaker.swift */; };
		63F7E10728CC9E7300B2E1B7 /* RemoteImage.swift in Sources */ = {isa = PBXBuildFile; fileRef = 63F7E10628CC9E7300B2E1B7 /* RemoteImage.swift */; };
		63F7E10928CC9F0C00B2E1B7 /* FirebaseSpeakerListener.swift in Sources */ = {isa = PBXBuildFile; fileRef = 63F7E10828CC9F0C00B2E1B7 /* FirebaseSpeakerListener.swift */; };
		63F7E10B28CC9F6C00B2E1B7 /* FCollectionReference.swift in Sources */ = {isa = PBXBuildFile; fileRef = 63F7E10A28CC9F6C00B2E1B7 /* FCollectionReference.swift */; };
		63F7E10E28CCA04900B2E1B7 /* FirebaseFirestoreSwift in Frameworks */ = {isa = PBXBuildFile; productRef = 63F7E10D28CCA04900B2E1B7 /* FirebaseFirestoreSwift */; };
		63F7E11028CCA04900B2E1B7 /* FirebaseStorage in Frameworks */ = {isa = PBXBuildFile; productRef = 63F7E10F28CCA04900B2E1B7 /* FirebaseStorage */; };
		63F7E11328CCA10400B2E1B7 /* FirebaseDatabaseSwift in Frameworks */ = {isa = PBXBuildFile; productRef = 63F7E11228CCA10400B2E1B7 /* FirebaseDatabaseSwift */; };
		63F7E11528CCAEF000B2E1B7 /* GoogleService-Info.plist in Resources */ = {isa = PBXBuildFile; fileRef = 63F7E11428CCAEF000B2E1B7 /* GoogleService-Info.plist */; };
		63F7E11728CCF50A00B2E1B7 /* SpeakersView.swift in Sources */ = {isa = PBXBuildFile; fileRef = 63F7E11628CCF50A00B2E1B7 /* SpeakersView.swift */; };
		63F7E11928CCF54800B2E1B7 /* SpeakersViewModel.swift in Sources */ = {isa = PBXBuildFile; fileRef = 63F7E11828CCF54800B2E1B7 /* SpeakersViewModel.swift */; };
		63F7E11C28CCF6B200B2E1B7 /* SpeakerCellView.swift in Sources */ = {isa = PBXBuildFile; fileRef = 63F7E11B28CCF6B200B2E1B7 /* SpeakerCellView.swift */; };
		63F7E11E28CCFC0C00B2E1B7 /* SpeakerDetailView.swift in Sources */ = {isa = PBXBuildFile; fileRef = 63F7E11D28CCFC0C00B2E1B7 /* SpeakerDetailView.swift */; };
		63F7E12028CD022E00B2E1B7 /* Location.swift in Sources */ = {isa = PBXBuildFile; fileRef = 63F7E11F28CD022E00B2E1B7 /* Location.swift */; };
		63F7E12328CD036400B2E1B7 /* FirebaseLocationListener.swift in Sources */ = {isa = PBXBuildFile; fileRef = 63F7E12228CD036400B2E1B7 /* FirebaseLocationListener.swift */; };
		63F7E12528CD053700B2E1B7 /* LocationCellView.swift in Sources */ = {isa = PBXBuildFile; fileRef = 63F7E12428CD053700B2E1B7 /* LocationCellView.swift */; };
		63F7E12728CD066600B2E1B7 /* AllLocationsView.swift in Sources */ = {isa = PBXBuildFile; fileRef = 63F7E12628CD066600B2E1B7 /* AllLocationsView.swift */; };
		63F7E12A28CD068A00B2E1B7 /* AllLocationsViewModel.swift in Sources */ = {isa = PBXBuildFile; fileRef = 63F7E12928CD068A00B2E1B7 /* AllLocationsViewModel.swift */; };
		63F7E12C28CDB61F00B2E1B7 /* Networking.swift in Sources */ = {isa = PBXBuildFile; fileRef = 63F7E12B28CDB61F00B2E1B7 /* Networking.swift */; };
		63F7E12E28CE527700B2E1B7 /* InclusivityView.swift in Sources */ = {isa = PBXBuildFile; fileRef = 63F7E12D28CE527700B2E1B7 /* InclusivityView.swift */; };
/* End PBXBuildFile section */

/* Begin PBXContainerItemProxy section */
		63F7E0CD28CC942200B2E1B7 /* PBXContainerItemProxy */ = {
			isa = PBXContainerItemProxy;
			containerPortal = 63F7E0AE28CC942100B2E1B7 /* Project object */;
			proxyType = 1;
			remoteGlobalIDString = 63F7E0B528CC942100B2E1B7;
			remoteInfo = iOSDevUK;
		};
		63F7E0D728CC942200B2E1B7 /* PBXContainerItemProxy */ = {
			isa = PBXContainerItemProxy;
			containerPortal = 63F7E0AE28CC942100B2E1B7 /* Project object */;
			proxyType = 1;
			remoteGlobalIDString = 63F7E0B528CC942100B2E1B7;
			remoteInfo = iOSDevUK;
		};
/* End PBXContainerItemProxy section */

/* Begin PBXFileReference section */
		6366D5C928D0B6720051542E /* AppInformationView.swift */ = {isa = PBXFileReference; lastKnownFileType = sourcecode.swift; path = AppInformationView.swift; sourceTree = "<group>"; };
		6366D5CB28D0B7120051542E /* Bundle+Extensions.swift */ = {isa = PBXFileReference; lastKnownFileType = sourcecode.swift; path = "Bundle+Extensions.swift"; sourceTree = "<group>"; };
		6366D5CE28D0BA180051542E /* AboutView.swift */ = {isa = PBXFileReference; lastKnownFileType = sourcecode.swift; path = AboutView.swift; sourceTree = "<group>"; };
		63F7E0B628CC942100B2E1B7 /* iOSDevUK.app */ = {isa = PBXFileReference; explicitFileType = wrapper.application; includeInIndex = 0; path = iOSDevUK.app; sourceTree = BUILT_PRODUCTS_DIR; };
		63F7E0B928CC942100B2E1B7 /* iOSDevUKApp.swift */ = {isa = PBXFileReference; lastKnownFileType = sourcecode.swift; path = iOSDevUKApp.swift; sourceTree = "<group>"; };
		63F7E0BB28CC942100B2E1B7 /* ContentView.swift */ = {isa = PBXFileReference; lastKnownFileType = sourcecode.swift; path = ContentView.swift; sourceTree = "<group>"; };
		63F7E0BD28CC942200B2E1B7 /* Assets.xcassets */ = {isa = PBXFileReference; lastKnownFileType = folder.assetcatalog; path = Assets.xcassets; sourceTree = "<group>"; };
		63F7E0C028CC942200B2E1B7 /* Preview Assets.xcassets */ = {isa = PBXFileReference; lastKnownFileType = folder.assetcatalog; path = "Preview Assets.xcassets"; sourceTree = "<group>"; };
		63F7E0C228CC942200B2E1B7 /* Persistence.swift */ = {isa = PBXFileReference; lastKnownFileType = sourcecode.swift; path = Persistence.swift; sourceTree = "<group>"; };
		63F7E0C528CC942200B2E1B7 /* iOSDevUK.xcdatamodel */ = {isa = PBXFileReference; lastKnownFileType = wrapper.xcdatamodel; path = iOSDevUK.xcdatamodel; sourceTree = "<group>"; };
		63F7E0C728CC942200B2E1B7 /* Info.plist */ = {isa = PBXFileReference; lastKnownFileType = text.plist.xml; path = Info.plist; sourceTree = "<group>"; };
		63F7E0CC28CC942200B2E1B7 /* iOSDevUKTests.xctest */ = {isa = PBXFileReference; explicitFileType = wrapper.cfbundle; includeInIndex = 0; path = iOSDevUKTests.xctest; sourceTree = BUILT_PRODUCTS_DIR; };
		63F7E0D028CC942200B2E1B7 /* iOSDevUKTests.swift */ = {isa = PBXFileReference; lastKnownFileType = sourcecode.swift; path = iOSDevUKTests.swift; sourceTree = "<group>"; };
		63F7E0D628CC942200B2E1B7 /* iOSDevUKUITests.xctest */ = {isa = PBXFileReference; explicitFileType = wrapper.cfbundle; includeInIndex = 0; path = iOSDevUKUITests.xctest; sourceTree = BUILT_PRODUCTS_DIR; };
		63F7E0DA28CC942200B2E1B7 /* iOSDevUKUITests.swift */ = {isa = PBXFileReference; lastKnownFileType = sourcecode.swift; path = iOSDevUKUITests.swift; sourceTree = "<group>"; };
		63F7E0DC28CC942200B2E1B7 /* iOSDevUKUITestsLaunchTests.swift */ = {isa = PBXFileReference; lastKnownFileType = sourcecode.swift; path = iOSDevUKUITestsLaunchTests.swift; sourceTree = "<group>"; };
		63F7E0E928CC94FF00B2E1B7 /* TabBarView.swift */ = {isa = PBXFileReference; lastKnownFileType = sourcecode.swift; path = TabBarView.swift; sourceTree = "<group>"; };
		63F7E0EB28CC980A00B2E1B7 /* HomeView.swift */ = {isa = PBXFileReference; lastKnownFileType = sourcecode.swift; path = HomeView.swift; sourceTree = "<group>"; };
		63F7E0ED28CC981500B2E1B7 /* MyScheduleView.swift */ = {isa = PBXFileReference; lastKnownFileType = sourcecode.swift; path = MyScheduleView.swift; sourceTree = "<group>"; };
		63F7E0EF28CC982200B2E1B7 /* AttendeeView.swift */ = {isa = PBXFileReference; lastKnownFileType = sourcecode.swift; path = AttendeeView.swift; sourceTree = "<group>"; };
		63F7E0F128CC982900B2E1B7 /* InfoView.swift */ = {isa = PBXFileReference; lastKnownFileType = sourcecode.swift; path = InfoView.swift; sourceTree = "<group>"; };
		63F7E0F828CC998000B2E1B7 /* HomeViewModel.swift */ = {isa = PBXFileReference; lastKnownFileType = sourcecode.swift; path = HomeViewModel.swift; sourceTree = "<group>"; };
		63F7E0FA28CC999000B2E1B7 /* MyScheduleViewModel.swift */ = {isa = PBXFileReference; lastKnownFileType = sourcecode.swift; path = MyScheduleViewModel.swift; sourceTree = "<group>"; };
		63F7E0FC28CC999900B2E1B7 /* AttendeeViewModel.swift */ = {isa = PBXFileReference; lastKnownFileType = sourcecode.swift; path = AttendeeViewModel.swift; sourceTree = "<group>"; };
		63F7E10028CC9B4B00B2E1B7 /* CustomNavigationView.swift */ = {isa = PBXFileReference; lastKnownFileType = sourcecode.swift; path = CustomNavigationView.swift; sourceTree = "<group>"; };
		63F7E10328CC9D9500B2E1B7 /* Speaker.swift */ = {isa = PBXFileReference; lastKnownFileType = sourcecode.swift; path = Speaker.swift; sourceTree = "<group>"; };
		63F7E10628CC9E7300B2E1B7 /* RemoteImage.swift */ = {isa = PBXFileReference; lastKnownFileType = sourcecode.swift; path = RemoteImage.swift; sourceTree = "<group>"; };
		63F7E10828CC9F0C00B2E1B7 /* FirebaseSpeakerListener.swift */ = {isa = PBXFileReference; lastKnownFileType = sourcecode.swift; path = FirebaseSpeakerListener.swift; sourceTree = "<group>"; };
		63F7E10A28CC9F6C00B2E1B7 /* FCollectionReference.swift */ = {isa = PBXFileReference; lastKnownFileType = sourcecode.swift; path = FCollectionReference.swift; sourceTree = "<group>"; };
		63F7E11428CCAEF000B2E1B7 /* GoogleService-Info.plist */ = {isa = PBXFileReference; fileEncoding = 4; lastKnownFileType = text.plist.xml; path = "GoogleService-Info.plist"; sourceTree = "<group>"; };
		63F7E11628CCF50A00B2E1B7 /* SpeakersView.swift */ = {isa = PBXFileReference; lastKnownFileType = sourcecode.swift; path = SpeakersView.swift; sourceTree = "<group>"; };
		63F7E11828CCF54800B2E1B7 /* SpeakersViewModel.swift */ = {isa = PBXFileReference; lastKnownFileType = sourcecode.swift; path = SpeakersViewModel.swift; sourceTree = "<group>"; };
		63F7E11B28CCF6B200B2E1B7 /* SpeakerCellView.swift */ = {isa = PBXFileReference; lastKnownFileType = sourcecode.swift; path = SpeakerCellView.swift; sourceTree = "<group>"; };
		63F7E11D28CCFC0C00B2E1B7 /* SpeakerDetailView.swift */ = {isa = PBXFileReference; lastKnownFileType = sourcecode.swift; path = SpeakerDetailView.swift; sourceTree = "<group>"; };
		63F7E11F28CD022E00B2E1B7 /* Location.swift */ = {isa = PBXFileReference; lastKnownFileType = sourcecode.swift; path = Location.swift; sourceTree = "<group>"; };
		63F7E12228CD036400B2E1B7 /* FirebaseLocationListener.swift */ = {isa = PBXFileReference; lastKnownFileType = sourcecode.swift; path = FirebaseLocationListener.swift; sourceTree = "<group>"; };
		63F7E12428CD053700B2E1B7 /* LocationCellView.swift */ = {isa = PBXFileReference; lastKnownFileType = sourcecode.swift; path = LocationCellView.swift; sourceTree = "<group>"; };
		63F7E12628CD066600B2E1B7 /* AllLocationsView.swift */ = {isa = PBXFileReference; lastKnownFileType = sourcecode.swift; path = AllLocationsView.swift; sourceTree = "<group>"; };
		63F7E12928CD068A00B2E1B7 /* AllLocationsViewModel.swift */ = {isa = PBXFileReference; lastKnownFileType = sourcecode.swift; path = AllLocationsViewModel.swift; sourceTree = "<group>"; };
		63F7E12B28CDB61F00B2E1B7 /* Networking.swift */ = {isa = PBXFileReference; lastKnownFileType = sourcecode.swift; path = Networking.swift; sourceTree = "<group>"; };
		63F7E12D28CE527700B2E1B7 /* InclusivityView.swift */ = {isa = PBXFileReference; lastKnownFileType = sourcecode.swift; path = InclusivityView.swift; sourceTree = "<group>"; };
/* End PBXFileReference section */

/* Begin PBXFrameworksBuildPhase section */
		63F7E0B328CC942100B2E1B7 /* Frameworks */ = {
			isa = PBXFrameworksBuildPhase;
			buildActionMask = 2147483647;
			files = (
				63F7E11328CCA10400B2E1B7 /* FirebaseDatabaseSwift in Frameworks */,
				63F7E10E28CCA04900B2E1B7 /* FirebaseFirestoreSwift in Frameworks */,
				63F7E11028CCA04900B2E1B7 /* FirebaseStorage in Frameworks */,
			);
			runOnlyForDeploymentPostprocessing = 0;
		};
		63F7E0C928CC942200B2E1B7 /* Frameworks */ = {
			isa = PBXFrameworksBuildPhase;
			buildActionMask = 2147483647;
			files = (
			);
			runOnlyForDeploymentPostprocessing = 0;
		};
		63F7E0D328CC942200B2E1B7 /* Frameworks */ = {
			isa = PBXFrameworksBuildPhase;
			buildActionMask = 2147483647;
			files = (
			);
			runOnlyForDeploymentPostprocessing = 0;
		};
/* End PBXFrameworksBuildPhase section */

/* Begin PBXGroup section */
		6366D5CD28D0B74A0051542E /* Extensions */ = {
			isa = PBXGroup;
			children = (
				6366D5CB28D0B7120051542E /* Bundle+Extensions.swift */,
			);
			path = Extensions;
			sourceTree = "<group>";
		};
		63F7E0AD28CC942100B2E1B7 = {
			isa = PBXGroup;
			children = (
				63F7E0B828CC942100B2E1B7 /* iOSDevUK */,
				63F7E0CF28CC942200B2E1B7 /* iOSDevUKTests */,
				63F7E0D928CC942200B2E1B7 /* iOSDevUKUITests */,
				63F7E0B728CC942100B2E1B7 /* Products */,
				63F7E11128CCA10400B2E1B7 /* Frameworks */,
			);
			sourceTree = "<group>";
		};
		63F7E0B728CC942100B2E1B7 /* Products */ = {
			isa = PBXGroup;
			children = (
				63F7E0B628CC942100B2E1B7 /* iOSDevUK.app */,
				63F7E0CC28CC942200B2E1B7 /* iOSDevUKTests.xctest */,
				63F7E0D628CC942200B2E1B7 /* iOSDevUKUITests.xctest */,
			);
			name = Products;
			sourceTree = "<group>";
		};
		63F7E0B828CC942100B2E1B7 /* iOSDevUK */ = {
			isa = PBXGroup;
			children = (
				63F7E0B928CC942100B2E1B7 /* iOSDevUKApp.swift */,
				63F7E0BB28CC942100B2E1B7 /* ContentView.swift */,
				63F7E12B28CDB61F00B2E1B7 /* Networking.swift */,
				63F7E0F328CC993F00B2E1B7 /* MainViews */,
				63F7E10228CC9BA200B2E1B7 /* Components */,
				63F7E10528CC9D9F00B2E1B7 /* Model */,
				63F7E12128CD034800B2E1B7 /* FirebaseHelpers */,
				6366D5CD28D0B74A0051542E /* Extensions */,
				63F7E0BD28CC942200B2E1B7 /* Assets.xcassets */,
				63F7E0C228CC942200B2E1B7 /* Persistence.swift */,
				63F7E0C728CC942200B2E1B7 /* Info.plist */,
				63F7E11428CCAEF000B2E1B7 /* GoogleService-Info.plist */,
				63F7E0C428CC942200B2E1B7 /* iOSDevUK.xcdatamodeld */,
				63F7E0BF28CC942200B2E1B7 /* Preview Content */,
			);
			path = iOSDevUK;
			sourceTree = "<group>";
		};
		63F7E0BF28CC942200B2E1B7 /* Preview Content */ = {
			isa = PBXGroup;
			children = (
				63F7E0C028CC942200B2E1B7 /* Preview Assets.xcassets */,
			);
			path = "Preview Content";
			sourceTree = "<group>";
		};
		63F7E0CF28CC942200B2E1B7 /* iOSDevUKTests */ = {
			isa = PBXGroup;
			children = (
				63F7E0D028CC942200B2E1B7 /* iOSDevUKTests.swift */,
			);
			path = iOSDevUKTests;
			sourceTree = "<group>";
		};
		63F7E0D928CC942200B2E1B7 /* iOSDevUKUITests */ = {
			isa = PBXGroup;
			children = (
				63F7E0DA28CC942200B2E1B7 /* iOSDevUKUITests.swift */,
				63F7E0DC28CC942200B2E1B7 /* iOSDevUKUITestsLaunchTests.swift */,
			);
			path = iOSDevUKUITests;
			sourceTree = "<group>";
		};
		63F7E0F328CC993F00B2E1B7 /* MainViews */ = {
			isa = PBXGroup;
			children = (
				63F7E0F428CC994D00B2E1B7 /* HomeView */,
				63F7E0F528CC995800B2E1B7 /* MyScheduleView */,
				63F7E0F628CC996300B2E1B7 /* AttendeeView */,
				63F7E0F728CC996F00B2E1B7 /* InfoView */,
				63F7E11A28CCF64E00B2E1B7 /* SpeakerView */,
				63F7E12828CD067900B2E1B7 /* LcationsView */,
			);
			path = MainViews;
			sourceTree = "<group>";
		};
		63F7E0F428CC994D00B2E1B7 /* HomeView */ = {
			isa = PBXGroup;
			children = (
				63F7E0EB28CC980A00B2E1B7 /* HomeView.swift */,
				63F7E0F828CC998000B2E1B7 /* HomeViewModel.swift */,
			);
			path = HomeView;
			sourceTree = "<group>";
		};
		63F7E0F528CC995800B2E1B7 /* MyScheduleView */ = {
			isa = PBXGroup;
			children = (
				63F7E0ED28CC981500B2E1B7 /* MyScheduleView.swift */,
				63F7E0FA28CC999000B2E1B7 /* MyScheduleViewModel.swift */,
			);
			path = MyScheduleView;
			sourceTree = "<group>";
		};
		63F7E0F628CC996300B2E1B7 /* AttendeeView */ = {
			isa = PBXGroup;
			children = (
				63F7E0EF28CC982200B2E1B7 /* AttendeeView.swift */,
				63F7E0FC28CC999900B2E1B7 /* AttendeeViewModel.swift */,
			);
			path = AttendeeView;
			sourceTree = "<group>";
		};
		63F7E0F728CC996F00B2E1B7 /* InfoView */ = {
			isa = PBXGroup;
			children = (
				63F7E0F128CC982900B2E1B7 /* InfoView.swift */,
				63F7E12D28CE527700B2E1B7 /* InclusivityView.swift */,
				6366D5C928D0B6720051542E /* AppInformationView.swift */,
				6366D5CE28D0BA180051542E /* AboutView.swift */,
			);
			path = InfoView;
			sourceTree = "<group>";
		};
		63F7E10228CC9BA200B2E1B7 /* Components */ = {
			isa = PBXGroup;
			children = (
				63F7E0E928CC94FF00B2E1B7 /* TabBarView.swift */,
				63F7E10028CC9B4B00B2E1B7 /* CustomNavigationView.swift */,
				63F7E10628CC9E7300B2E1B7 /* RemoteImage.swift */,
				63F7E11B28CCF6B200B2E1B7 /* SpeakerCellView.swift */,
				63F7E12428CD053700B2E1B7 /* LocationCellView.swift */,
			);
			path = Components;
			sourceTree = "<group>";
		};
		63F7E10528CC9D9F00B2E1B7 /* Model */ = {
			isa = PBXGroup;
			children = (
				63F7E10328CC9D9500B2E1B7 /* Speaker.swift */,
				63F7E11F28CD022E00B2E1B7 /* Location.swift */,
			);
			path = Model;
			sourceTree = "<group>";
		};
		63F7E11128CCA10400B2E1B7 /* Frameworks */ = {
			isa = PBXGroup;
			children = (
			);
			name = Frameworks;
			sourceTree = "<group>";
		};
		63F7E11A28CCF64E00B2E1B7 /* SpeakerView */ = {
			isa = PBXGroup;
			children = (
				63F7E11628CCF50A00B2E1B7 /* SpeakersView.swift */,
				63F7E11828CCF54800B2E1B7 /* SpeakersViewModel.swift */,
				63F7E11D28CCFC0C00B2E1B7 /* SpeakerDetailView.swift */,
			);
			path = SpeakerView;
			sourceTree = "<group>";
		};
		63F7E12128CD034800B2E1B7 /* FirebaseHelpers */ = {
			isa = PBXGroup;
			children = (
				63F7E10828CC9F0C00B2E1B7 /* FirebaseSpeakerListener.swift */,
				63F7E12228CD036400B2E1B7 /* FirebaseLocationListener.swift */,
				63F7E10A28CC9F6C00B2E1B7 /* FCollectionReference.swift */,
			);
			path = FirebaseHelpers;
			sourceTree = "<group>";
		};
		63F7E12828CD067900B2E1B7 /* LcationsView */ = {
			isa = PBXGroup;
			children = (
				63F7E12628CD066600B2E1B7 /* AllLocationsView.swift */,
				63F7E12928CD068A00B2E1B7 /* AllLocationsViewModel.swift */,
			);
			path = LcationsView;
			sourceTree = "<group>";
		};
/* End PBXGroup section */

/* Begin PBXNativeTarget section */
		63F7E0B528CC942100B2E1B7 /* iOSDevUK */ = {
			isa = PBXNativeTarget;
			buildConfigurationList = 63F7E0E028CC942200B2E1B7 /* Build configuration list for PBXNativeTarget "iOSDevUK" */;
			buildPhases = (
				63F7E0B228CC942100B2E1B7 /* Sources */,
				63F7E0B328CC942100B2E1B7 /* Frameworks */,
				63F7E0B428CC942100B2E1B7 /* Resources */,
			);
			buildRules = (
			);
			dependencies = (
			);
			name = iOSDevUK;
			packageProductDependencies = (
				63F7E10D28CCA04900B2E1B7 /* FirebaseFirestoreSwift */,
				63F7E10F28CCA04900B2E1B7 /* FirebaseStorage */,
				63F7E11228CCA10400B2E1B7 /* FirebaseDatabaseSwift */,
			);
			productName = iOSDevUK;
			productReference = 63F7E0B628CC942100B2E1B7 /* iOSDevUK.app */;
			productType = "com.apple.product-type.application";
		};
		63F7E0CB28CC942200B2E1B7 /* iOSDevUKTests */ = {
			isa = PBXNativeTarget;
			buildConfigurationList = 63F7E0E328CC942200B2E1B7 /* Build configuration list for PBXNativeTarget "iOSDevUKTests" */;
			buildPhases = (
				63F7E0C828CC942200B2E1B7 /* Sources */,
				63F7E0C928CC942200B2E1B7 /* Frameworks */,
				63F7E0CA28CC942200B2E1B7 /* Resources */,
			);
			buildRules = (
			);
			dependencies = (
				63F7E0CE28CC942200B2E1B7 /* PBXTargetDependency */,
			);
			name = iOSDevUKTests;
			productName = iOSDevUKTests;
			productReference = 63F7E0CC28CC942200B2E1B7 /* iOSDevUKTests.xctest */;
			productType = "com.apple.product-type.bundle.unit-test";
		};
		63F7E0D528CC942200B2E1B7 /* iOSDevUKUITests */ = {
			isa = PBXNativeTarget;
			buildConfigurationList = 63F7E0E628CC942200B2E1B7 /* Build configuration list for PBXNativeTarget "iOSDevUKUITests" */;
			buildPhases = (
				63F7E0D228CC942200B2E1B7 /* Sources */,
				63F7E0D328CC942200B2E1B7 /* Frameworks */,
				63F7E0D428CC942200B2E1B7 /* Resources */,
			);
			buildRules = (
			);
			dependencies = (
				63F7E0D828CC942200B2E1B7 /* PBXTargetDependency */,
			);
			name = iOSDevUKUITests;
			productName = iOSDevUKUITests;
			productReference = 63F7E0D628CC942200B2E1B7 /* iOSDevUKUITests.xctest */;
			productType = "com.apple.product-type.bundle.ui-testing";
		};
/* End PBXNativeTarget section */

/* Begin PBXProject section */
		63F7E0AE28CC942100B2E1B7 /* Project object */ = {
			isa = PBXProject;
			attributes = {
				BuildIndependentTargetsInParallel = 1;
				LastSwiftUpdateCheck = 1400;
				LastUpgradeCheck = 1400;
				TargetAttributes = {
					63F7E0B528CC942100B2E1B7 = {
						CreatedOnToolsVersion = 14.0;
					};
					63F7E0CB28CC942200B2E1B7 = {
						CreatedOnToolsVersion = 14.0;
						TestTargetID = 63F7E0B528CC942100B2E1B7;
					};
					63F7E0D528CC942200B2E1B7 = {
						CreatedOnToolsVersion = 14.0;
						TestTargetID = 63F7E0B528CC942100B2E1B7;
					};
				};
			};
			buildConfigurationList = 63F7E0B128CC942100B2E1B7 /* Build configuration list for PBXProject "iOSDevUK" */;
			compatibilityVersion = "Xcode 14.0";
			developmentRegion = en;
			hasScannedForEncodings = 0;
			knownRegions = (
				en,
				Base,
			);
			mainGroup = 63F7E0AD28CC942100B2E1B7;
			packageReferences = (
				63F7E10C28CCA04900B2E1B7 /* XCRemoteSwiftPackageReference "firebase-ios-sdk" */,
			);
			productRefGroup = 63F7E0B728CC942100B2E1B7 /* Products */;
			projectDirPath = "";
			projectRoot = "";
			targets = (
				63F7E0B528CC942100B2E1B7 /* iOSDevUK */,
				63F7E0CB28CC942200B2E1B7 /* iOSDevUKTests */,
				63F7E0D528CC942200B2E1B7 /* iOSDevUKUITests */,
			);
		};
/* End PBXProject section */

/* Begin PBXResourcesBuildPhase section */
		63F7E0B428CC942100B2E1B7 /* Resources */ = {
			isa = PBXResourcesBuildPhase;
			buildActionMask = 2147483647;
			files = (
				63F7E11528CCAEF000B2E1B7 /* GoogleService-Info.plist in Resources */,
				63F7E0C128CC942200B2E1B7 /* Preview Assets.xcassets in Resources */,
				63F7E0BE28CC942200B2E1B7 /* Assets.xcassets in Resources */,
			);
			runOnlyForDeploymentPostprocessing = 0;
		};
		63F7E0CA28CC942200B2E1B7 /* Resources */ = {
			isa = PBXResourcesBuildPhase;
			buildActionMask = 2147483647;
			files = (
			);
			runOnlyForDeploymentPostprocessing = 0;
		};
		63F7E0D428CC942200B2E1B7 /* Resources */ = {
			isa = PBXResourcesBuildPhase;
			buildActionMask = 2147483647;
			files = (
			);
			runOnlyForDeploymentPostprocessing = 0;
		};
/* End PBXResourcesBuildPhase section */

/* Begin PBXSourcesBuildPhase section */
		63F7E0B228CC942100B2E1B7 /* Sources */ = {
			isa = PBXSourcesBuildPhase;
			buildActionMask = 2147483647;
			files = (
				6366D5CF28D0BA180051542E /* AboutView.swift in Sources */,
				63F7E11C28CCF6B200B2E1B7 /* SpeakerCellView.swift in Sources */,
				63F7E0FD28CC999900B2E1B7 /* AttendeeViewModel.swift in Sources */,
				63F7E12A28CD068A00B2E1B7 /* AllLocationsViewModel.swift in Sources */,
				63F7E12528CD053700B2E1B7 /* LocationCellView.swift in Sources */,
				63F7E0C328CC942200B2E1B7 /* Persistence.swift in Sources */,
				63F7E10128CC9B4B00B2E1B7 /* CustomNavigationView.swift in Sources */,
				63F7E10B28CC9F6C00B2E1B7 /* FCollectionReference.swift in Sources */,
				63F7E0BC28CC942100B2E1B7 /* ContentView.swift in Sources */,
				63F7E11E28CCFC0C00B2E1B7 /* SpeakerDetailView.swift in Sources */,
				63F7E0FB28CC999000B2E1B7 /* MyScheduleViewModel.swift in Sources */,
				63F7E12E28CE527700B2E1B7 /* InclusivityView.swift in Sources */,
				63F7E12328CD036400B2E1B7 /* FirebaseLocationListener.swift in Sources */,
				63F7E0F028CC982200B2E1B7 /* AttendeeView.swift in Sources */,
				63F7E0F928CC998000B2E1B7 /* HomeViewModel.swift in Sources */,
				63F7E0BA28CC942100B2E1B7 /* iOSDevUKApp.swift in Sources */,
				6366D5CC28D0B7120051542E /* Bundle+Extensions.swift in Sources */,
				63F7E0EC28CC980A00B2E1B7 /* HomeView.swift in Sources */,
				63F7E0EA28CC94FF00B2E1B7 /* TabBarView.swift in Sources */,
				63F7E12028CD022E00B2E1B7 /* Location.swift in Sources */,
				6366D5CA28D0B6720051542E /* AppInformationView.swift in Sources */,
				63F7E11928CCF54800B2E1B7 /* SpeakersViewModel.swift in Sources */,
				63F7E10728CC9E7300B2E1B7 /* RemoteImage.swift in Sources */,
				63F7E0EE28CC981500B2E1B7 /* MyScheduleView.swift in Sources */,
				63F7E10428CC9D9500B2E1B7 /* Speaker.swift in Sources */,
				63F7E11728CCF50A00B2E1B7 /* SpeakersView.swift in Sources */,
				63F7E0F228CC982900B2E1B7 /* InfoView.swift in Sources */,
				63F7E10928CC9F0C00B2E1B7 /* FirebaseSpeakerListener.swift in Sources */,
				63F7E0C628CC942200B2E1B7 /* iOSDevUK.xcdatamodeld in Sources */,
				63F7E12728CD066600B2E1B7 /* AllLocationsView.swift in Sources */,
				63F7E12C28CDB61F00B2E1B7 /* Networking.swift in Sources */,
			);
			runOnlyForDeploymentPostprocessing = 0;
		};
		63F7E0C828CC942200B2E1B7 /* Sources */ = {
			isa = PBXSourcesBuildPhase;
			buildActionMask = 2147483647;
			files = (
				63F7E0D128CC942200B2E1B7 /* iOSDevUKTests.swift in Sources */,
			);
			runOnlyForDeploymentPostprocessing = 0;
		};
		63F7E0D228CC942200B2E1B7 /* Sources */ = {
			isa = PBXSourcesBuildPhase;
			buildActionMask = 2147483647;
			files = (
				63F7E0DD28CC942200B2E1B7 /* iOSDevUKUITestsLaunchTests.swift in Sources */,
				63F7E0DB28CC942200B2E1B7 /* iOSDevUKUITests.swift in Sources */,
			);
			runOnlyForDeploymentPostprocessing = 0;
		};
/* End PBXSourcesBuildPhase section */

/* Begin PBXTargetDependency section */
		63F7E0CE28CC942200B2E1B7 /* PBXTargetDependency */ = {
			isa = PBXTargetDependency;
			target = 63F7E0B528CC942100B2E1B7 /* iOSDevUK */;
			targetProxy = 63F7E0CD28CC942200B2E1B7 /* PBXContainerItemProxy */;
		};
		63F7E0D828CC942200B2E1B7 /* PBXTargetDependency */ = {
			isa = PBXTargetDependency;
			target = 63F7E0B528CC942100B2E1B7 /* iOSDevUK */;
			targetProxy = 63F7E0D728CC942200B2E1B7 /* PBXContainerItemProxy */;
		};
/* End PBXTargetDependency section */

/* Begin XCBuildConfiguration section */
		63F7E0DE28CC942200B2E1B7 /* Debug */ = {
			isa = XCBuildConfiguration;
			buildSettings = {
				ALWAYS_SEARCH_USER_PATHS = NO;
				CLANG_ANALYZER_NONNULL = YES;
				CLANG_ANALYZER_NUMBER_OBJECT_CONVERSION = YES_AGGRESSIVE;
				CLANG_CXX_LANGUAGE_STANDARD = "gnu++20";
				CLANG_ENABLE_MODULES = YES;
				CLANG_ENABLE_OBJC_ARC = YES;
				CLANG_ENABLE_OBJC_WEAK = YES;
				CLANG_WARN_BLOCK_CAPTURE_AUTORELEASING = YES;
				CLANG_WARN_BOOL_CONVERSION = YES;
				CLANG_WARN_COMMA = YES;
				CLANG_WARN_CONSTANT_CONVERSION = YES;
				CLANG_WARN_DEPRECATED_OBJC_IMPLEMENTATIONS = YES;
				CLANG_WARN_DIRECT_OBJC_ISA_USAGE = YES_ERROR;
				CLANG_WARN_DOCUMENTATION_COMMENTS = YES;
				CLANG_WARN_EMPTY_BODY = YES;
				CLANG_WARN_ENUM_CONVERSION = YES;
				CLANG_WARN_INFINITE_RECURSION = YES;
				CLANG_WARN_INT_CONVERSION = YES;
				CLANG_WARN_NON_LITERAL_NULL_CONVERSION = YES;
				CLANG_WARN_OBJC_IMPLICIT_RETAIN_SELF = YES;
				CLANG_WARN_OBJC_LITERAL_CONVERSION = YES;
				CLANG_WARN_OBJC_ROOT_CLASS = YES_ERROR;
				CLANG_WARN_QUOTED_INCLUDE_IN_FRAMEWORK_HEADER = YES;
				CLANG_WARN_RANGE_LOOP_ANALYSIS = YES;
				CLANG_WARN_STRICT_PROTOTYPES = YES;
				CLANG_WARN_SUSPICIOUS_MOVE = YES;
				CLANG_WARN_UNGUARDED_AVAILABILITY = YES_AGGRESSIVE;
				CLANG_WARN_UNREACHABLE_CODE = YES;
				CLANG_WARN__DUPLICATE_METHOD_MATCH = YES;
				COPY_PHASE_STRIP = NO;
				DEBUG_INFORMATION_FORMAT = dwarf;
				ENABLE_STRICT_OBJC_MSGSEND = YES;
				ENABLE_TESTABILITY = YES;
				GCC_C_LANGUAGE_STANDARD = gnu11;
				GCC_DYNAMIC_NO_PIC = NO;
				GCC_NO_COMMON_BLOCKS = YES;
				GCC_OPTIMIZATION_LEVEL = 0;
				GCC_PREPROCESSOR_DEFINITIONS = (
					"DEBUG=1",
					"$(inherited)",
				);
				GCC_WARN_64_TO_32_BIT_CONVERSION = YES;
				GCC_WARN_ABOUT_RETURN_TYPE = YES_ERROR;
				GCC_WARN_UNDECLARED_SELECTOR = YES;
				GCC_WARN_UNINITIALIZED_AUTOS = YES_AGGRESSIVE;
				GCC_WARN_UNUSED_FUNCTION = YES;
				GCC_WARN_UNUSED_VARIABLE = YES;
				IPHONEOS_DEPLOYMENT_TARGET = 16.0;
				MTL_ENABLE_DEBUG_INFO = INCLUDE_SOURCE;
				MTL_FAST_MATH = YES;
				ONLY_ACTIVE_ARCH = YES;
				SDKROOT = iphoneos;
				SWIFT_ACTIVE_COMPILATION_CONDITIONS = DEBUG;
				SWIFT_OPTIMIZATION_LEVEL = "-Onone";
			};
			name = Debug;
		};
		63F7E0DF28CC942200B2E1B7 /* Release */ = {
			isa = XCBuildConfiguration;
			buildSettings = {
				ALWAYS_SEARCH_USER_PATHS = NO;
				CLANG_ANALYZER_NONNULL = YES;
				CLANG_ANALYZER_NUMBER_OBJECT_CONVERSION = YES_AGGRESSIVE;
				CLANG_CXX_LANGUAGE_STANDARD = "gnu++20";
				CLANG_ENABLE_MODULES = YES;
				CLANG_ENABLE_OBJC_ARC = YES;
				CLANG_ENABLE_OBJC_WEAK = YES;
				CLANG_WARN_BLOCK_CAPTURE_AUTORELEASING = YES;
				CLANG_WARN_BOOL_CONVERSION = YES;
				CLANG_WARN_COMMA = YES;
				CLANG_WARN_CONSTANT_CONVERSION = YES;
				CLANG_WARN_DEPRECATED_OBJC_IMPLEMENTATIONS = YES;
				CLANG_WARN_DIRECT_OBJC_ISA_USAGE = YES_ERROR;
				CLANG_WARN_DOCUMENTATION_COMMENTS = YES;
				CLANG_WARN_EMPTY_BODY = YES;
				CLANG_WARN_ENUM_CONVERSION = YES;
				CLANG_WARN_INFINITE_RECURSION = YES;
				CLANG_WARN_INT_CONVERSION = YES;
				CLANG_WARN_NON_LITERAL_NULL_CONVERSION = YES;
				CLANG_WARN_OBJC_IMPLICIT_RETAIN_SELF = YES;
				CLANG_WARN_OBJC_LITERAL_CONVERSION = YES;
				CLANG_WARN_OBJC_ROOT_CLASS = YES_ERROR;
				CLANG_WARN_QUOTED_INCLUDE_IN_FRAMEWORK_HEADER = YES;
				CLANG_WARN_RANGE_LOOP_ANALYSIS = YES;
				CLANG_WARN_STRICT_PROTOTYPES = YES;
				CLANG_WARN_SUSPICIOUS_MOVE = YES;
				CLANG_WARN_UNGUARDED_AVAILABILITY = YES_AGGRESSIVE;
				CLANG_WARN_UNREACHABLE_CODE = YES;
				CLANG_WARN__DUPLICATE_METHOD_MATCH = YES;
				COPY_PHASE_STRIP = NO;
				DEBUG_INFORMATION_FORMAT = "dwarf-with-dsym";
				ENABLE_NS_ASSERTIONS = NO;
				ENABLE_STRICT_OBJC_MSGSEND = YES;
				GCC_C_LANGUAGE_STANDARD = gnu11;
				GCC_NO_COMMON_BLOCKS = YES;
				GCC_WARN_64_TO_32_BIT_CONVERSION = YES;
				GCC_WARN_ABOUT_RETURN_TYPE = YES_ERROR;
				GCC_WARN_UNDECLARED_SELECTOR = YES;
				GCC_WARN_UNINITIALIZED_AUTOS = YES_AGGRESSIVE;
				GCC_WARN_UNUSED_FUNCTION = YES;
				GCC_WARN_UNUSED_VARIABLE = YES;
				IPHONEOS_DEPLOYMENT_TARGET = 16.0;
				MTL_ENABLE_DEBUG_INFO = NO;
				MTL_FAST_MATH = YES;
				SDKROOT = iphoneos;
				SWIFT_COMPILATION_MODE = wholemodule;
				SWIFT_OPTIMIZATION_LEVEL = "-O";
				VALIDATE_PRODUCT = YES;
			};
			name = Release;
		};
		63F7E0E128CC942200B2E1B7 /* Debug */ = {
			isa = XCBuildConfiguration;
			buildSettings = {
				ASSETCATALOG_COMPILER_APPICON_NAME = AppIcon;
				ASSETCATALOG_COMPILER_GLOBAL_ACCENT_COLOR_NAME = AccentColor;
				CODE_SIGN_STYLE = Automatic;
				CURRENT_PROJECT_VERSION = 1;
				DEVELOPMENT_ASSET_PATHS = "\"iOSDevUK/Preview Content\"";
				DEVELOPMENT_TEAM = 7P6AJEE272;
				ENABLE_PREVIEWS = YES;
				GENERATE_INFOPLIST_FILE = YES;
				INFOPLIST_KEY_UIApplicationSceneManifest_Generation = YES;
				INFOPLIST_KEY_UIApplicationSupportsIndirectInputEvents = YES;
				INFOPLIST_KEY_UILaunchScreen_Generation = YES;
				INFOPLIST_KEY_UISupportedInterfaceOrientations_iPad = "UIInterfaceOrientationPortrait UIInterfaceOrientationPortraitUpsideDown UIInterfaceOrientationLandscapeLeft UIInterfaceOrientationLandscapeRight";
				INFOPLIST_KEY_UISupportedInterfaceOrientations_iPhone = "UIInterfaceOrientationPortrait UIInterfaceOrientationLandscapeLeft UIInterfaceOrientationLandscapeRight";
				LD_RUNPATH_SEARCH_PATHS = (
					"$(inherited)",
					"@executable_path/Frameworks",
				);
				MARKETING_VERSION = 1.0;
				PRODUCT_BUNDLE_IDENTIFIER = com.iosdevschool.iOSDevUK;
				PRODUCT_NAME = "$(TARGET_NAME)";
				SWIFT_EMIT_LOC_STRINGS = YES;
				SWIFT_VERSION = 5.0;
				TARGETED_DEVICE_FAMILY = "1,2";
			};
			name = Debug;
		};
		63F7E0E228CC942200B2E1B7 /* Release */ = {
			isa = XCBuildConfiguration;
			buildSettings = {
				ASSETCATALOG_COMPILER_APPICON_NAME = AppIcon;
				ASSETCATALOG_COMPILER_GLOBAL_ACCENT_COLOR_NAME = AccentColor;
				CODE_SIGN_STYLE = Automatic;
				CURRENT_PROJECT_VERSION = 1;
				DEVELOPMENT_ASSET_PATHS = "\"iOSDevUK/Preview Content\"";
				DEVELOPMENT_TEAM = 7P6AJEE272;
				ENABLE_PREVIEWS = YES;
				GENERATE_INFOPLIST_FILE = YES;
				INFOPLIST_KEY_UIApplicationSceneManifest_Generation = YES;
				INFOPLIST_KEY_UIApplicationSupportsIndirectInputEvents = YES;
				INFOPLIST_KEY_UILaunchScreen_Generation = YES;
				INFOPLIST_KEY_UISupportedInterfaceOrientations_iPad = "UIInterfaceOrientationPortrait UIInterfaceOrientationPortraitUpsideDown UIInterfaceOrientationLandscapeLeft UIInterfaceOrientationLandscapeRight";
				INFOPLIST_KEY_UISupportedInterfaceOrientations_iPhone = "UIInterfaceOrientationPortrait UIInterfaceOrientationLandscapeLeft UIInterfaceOrientationLandscapeRight";
				LD_RUNPATH_SEARCH_PATHS = (
					"$(inherited)",
					"@executable_path/Frameworks",
				);
				MARKETING_VERSION = 1.0;
				PRODUCT_BUNDLE_IDENTIFIER = com.iosdevschool.iOSDevUK;
				PRODUCT_NAME = "$(TARGET_NAME)";
				SWIFT_EMIT_LOC_STRINGS = YES;
				SWIFT_VERSION = 5.0;
				TARGETED_DEVICE_FAMILY = "1,2";
			};
			name = Release;
		};
		63F7E0E428CC942200B2E1B7 /* Debug */ = {
			isa = XCBuildConfiguration;
			buildSettings = {
				ALWAYS_EMBED_SWIFT_STANDARD_LIBRARIES = YES;
				BUNDLE_LOADER = "$(TEST_HOST)";
				CODE_SIGN_STYLE = Automatic;
				CURRENT_PROJECT_VERSION = 1;
				DEVELOPMENT_TEAM = 7P6AJEE272;
				GENERATE_INFOPLIST_FILE = YES;
				IPHONEOS_DEPLOYMENT_TARGET = 16.0;
				MARKETING_VERSION = 1.0;
				PRODUCT_BUNDLE_IDENTIFIER = com.iosdevschool.iOSDevUKTests;
				PRODUCT_NAME = "$(TARGET_NAME)";
				SWIFT_EMIT_LOC_STRINGS = NO;
				SWIFT_VERSION = 5.0;
				TARGETED_DEVICE_FAMILY = "1,2";
				TEST_HOST = "$(BUILT_PRODUCTS_DIR)/iOSDevUK.app/$(BUNDLE_EXECUTABLE_FOLDER_PATH)/iOSDevUK";
			};
			name = Debug;
		};
		63F7E0E528CC942200B2E1B7 /* Release */ = {
			isa = XCBuildConfiguration;
			buildSettings = {
				ALWAYS_EMBED_SWIFT_STANDARD_LIBRARIES = YES;
				BUNDLE_LOADER = "$(TEST_HOST)";
				CODE_SIGN_STYLE = Automatic;
				CURRENT_PROJECT_VERSION = 1;
				DEVELOPMENT_TEAM = 7P6AJEE272;
				GENERATE_INFOPLIST_FILE = YES;
				IPHONEOS_DEPLOYMENT_TARGET = 16.0;
				MARKETING_VERSION = 1.0;
				PRODUCT_BUNDLE_IDENTIFIER = com.iosdevschool.iOSDevUKTests;
				PRODUCT_NAME = "$(TARGET_NAME)";
				SWIFT_EMIT_LOC_STRINGS = NO;
				SWIFT_VERSION = 5.0;
				TARGETED_DEVICE_FAMILY = "1,2";
				TEST_HOST = "$(BUILT_PRODUCTS_DIR)/iOSDevUK.app/$(BUNDLE_EXECUTABLE_FOLDER_PATH)/iOSDevUK";
			};
			name = Release;
		};
		63F7E0E728CC942200B2E1B7 /* Debug */ = {
			isa = XCBuildConfiguration;
			buildSettings = {
				ALWAYS_EMBED_SWIFT_STANDARD_LIBRARIES = YES;
				CODE_SIGN_STYLE = Automatic;
				CURRENT_PROJECT_VERSION = 1;
				DEVELOPMENT_TEAM = 7P6AJEE272;
				GENERATE_INFOPLIST_FILE = YES;
				MARKETING_VERSION = 1.0;
				PRODUCT_BUNDLE_IDENTIFIER = com.iosdevschool.iOSDevUKUITests;
				PRODUCT_NAME = "$(TARGET_NAME)";
				SWIFT_EMIT_LOC_STRINGS = NO;
				SWIFT_VERSION = 5.0;
				TARGETED_DEVICE_FAMILY = "1,2";
				TEST_TARGET_NAME = iOSDevUK;
			};
			name = Debug;
		};
		63F7E0E828CC942200B2E1B7 /* Release */ = {
			isa = XCBuildConfiguration;
			buildSettings = {
				ALWAYS_EMBED_SWIFT_STANDARD_LIBRARIES = YES;
				CODE_SIGN_STYLE = Automatic;
				CURRENT_PROJECT_VERSION = 1;
				DEVELOPMENT_TEAM = 7P6AJEE272;
				GENERATE_INFOPLIST_FILE = YES;
				MARKETING_VERSION = 1.0;
				PRODUCT_BUNDLE_IDENTIFIER = com.iosdevschool.iOSDevUKUITests;
				PRODUCT_NAME = "$(TARGET_NAME)";
				SWIFT_EMIT_LOC_STRINGS = NO;
				SWIFT_VERSION = 5.0;
				TARGETED_DEVICE_FAMILY = "1,2";
				TEST_TARGET_NAME = iOSDevUK;
			};
			name = Release;
		};
/* End XCBuildConfiguration section */

/* Begin XCConfigurationList section */
		63F7E0B128CC942100B2E1B7 /* Build configuration list for PBXProject "iOSDevUK" */ = {
			isa = XCConfigurationList;
			buildConfigurations = (
				63F7E0DE28CC942200B2E1B7 /* Debug */,
				63F7E0DF28CC942200B2E1B7 /* Release */,
			);
			defaultConfigurationIsVisible = 0;
			defaultConfigurationName = Release;
		};
		63F7E0E028CC942200B2E1B7 /* Build configuration list for PBXNativeTarget "iOSDevUK" */ = {
			isa = XCConfigurationList;
			buildConfigurations = (
				63F7E0E128CC942200B2E1B7 /* Debug */,
				63F7E0E228CC942200B2E1B7 /* Release */,
			);
			defaultConfigurationIsVisible = 0;
			defaultConfigurationName = Release;
		};
		63F7E0E328CC942200B2E1B7 /* Build configuration list for PBXNativeTarget "iOSDevUKTests" */ = {
			isa = XCConfigurationList;
			buildConfigurations = (
				63F7E0E428CC942200B2E1B7 /* Debug */,
				63F7E0E528CC942200B2E1B7 /* Release */,
			);
			defaultConfigurationIsVisible = 0;
			defaultConfigurationName = Release;
		};
		63F7E0E628CC942200B2E1B7 /* Build configuration list for PBXNativeTarget "iOSDevUKUITests" */ = {
			isa = XCConfigurationList;
			buildConfigurations = (
				63F7E0E728CC942200B2E1B7 /* Debug */,
				63F7E0E828CC942200B2E1B7 /* Release */,
			);
			defaultConfigurationIsVisible = 0;
			defaultConfigurationName = Release;
		};
/* End XCConfigurationList section */

/* Begin XCRemoteSwiftPackageReference section */
		63F7E10C28CCA04900B2E1B7 /* XCRemoteSwiftPackageReference "firebase-ios-sdk" */ = {
			isa = XCRemoteSwiftPackageReference;
			repositoryURL = "https://github.com/firebase/firebase-ios-sdk.git";
			requirement = {
				kind = upToNextMajorVersion;
				minimumVersion = 9.0.0;
			};
		};
/* End XCRemoteSwiftPackageReference section */

/* Begin XCSwiftPackageProductDependency section */
		63F7E10D28CCA04900B2E1B7 /* FirebaseFirestoreSwift */ = {
			isa = XCSwiftPackageProductDependency;
			package = 63F7E10C28CCA04900B2E1B7 /* XCRemoteSwiftPackageReference "firebase-ios-sdk" */;
			productName = FirebaseFirestoreSwift;
		};
		63F7E10F28CCA04900B2E1B7 /* FirebaseStorage */ = {
			isa = XCSwiftPackageProductDependency;
			package = 63F7E10C28CCA04900B2E1B7 /* XCRemoteSwiftPackageReference "firebase-ios-sdk" */;
			productName = FirebaseStorage;
		};
		63F7E11228CCA10400B2E1B7 /* FirebaseDatabaseSwift */ = {
			isa = XCSwiftPackageProductDependency;
			package = 63F7E10C28CCA04900B2E1B7 /* XCRemoteSwiftPackageReference "firebase-ios-sdk" */;
			productName = FirebaseDatabaseSwift;
		};
/* End XCSwiftPackageProductDependency section */

/* Begin XCVersionGroup section */
		63F7E0C428CC942200B2E1B7 /* iOSDevUK.xcdatamodeld */ = {
			isa = XCVersionGroup;
			children = (
				63F7E0C528CC942200B2E1B7 /* iOSDevUK.xcdatamodel */,
			);
			currentVersion = 63F7E0C528CC942200B2E1B7 /* iOSDevUK.xcdatamodel */;
			path = iOSDevUK.xcdatamodeld;
			sourceTree = "<group>";
			versionGroupType = wrapper.xcdatamodel;
		};
/* End XCVersionGroup section */
	};
	rootObject = 63F7E0AE28CC942100B2E1B7 /* Project object */;
}
